// !$*UTF8*$!
{
	archiveVersion = 1;
	classes = {
	};
	objectVersion = 48;
	objects = {

/* Begin PBXBuildFile section */
		0D571DA5BB05B73A759E2846 /* Pods_farmlensTests.framework in Frameworks */ = {isa = PBXBuildFile; fileRef = 9D0EB582D7FD9E4355AA14FB /* Pods_farmlensTests.framework */; };
		189815742034ABA800EDD95E /* AppDelegate.swift in Sources */ = {isa = PBXBuildFile; fileRef = 189815732034ABA800EDD95E /* AppDelegate.swift */; };
		189815762034ABA800EDD95E /* ViewController.swift in Sources */ = {isa = PBXBuildFile; fileRef = 189815752034ABA800EDD95E /* ViewController.swift */; };
		189815792034ABA800EDD95E /* Main.storyboard in Resources */ = {isa = PBXBuildFile; fileRef = 189815772034ABA800EDD95E /* Main.storyboard */; };
		1898157B2034ABA800EDD95E /* Assets.xcassets in Resources */ = {isa = PBXBuildFile; fileRef = 1898157A2034ABA800EDD95E /* Assets.xcassets */; };
		1898157E2034ABA800EDD95E /* LaunchScreen.storyboard in Resources */ = {isa = PBXBuildFile; fileRef = 1898157C2034ABA800EDD95E /* LaunchScreen.storyboard */; };
		189815892034ABA800EDD95E /* farmlensTests.swift in Sources */ = {isa = PBXBuildFile; fileRef = 189815882034ABA800EDD95E /* farmlensTests.swift */; };
		189815942034ABA800EDD95E /* farmlensUITests.swift in Sources */ = {isa = PBXBuildFile; fileRef = 189815932034ABA800EDD95E /* farmlensUITests.swift */; };
		189815CB2034BC2000EDD95E /* stitching.cpp in Sources */ = {isa = PBXBuildFile; fileRef = 189815C32034BC1F00EDD95E /* stitching.cpp */; };
		189815CC2034BC2000EDD95E /* UIImage+OpenCV.mm in Sources */ = {isa = PBXBuildFile; fileRef = 189815C42034BC1F00EDD95E /* UIImage+OpenCV.mm */; };
		189815CD2034BC2000EDD95E /* CVWrapper.mm in Sources */ = {isa = PBXBuildFile; fileRef = 189815C92034BC2000EDD95E /* CVWrapper.mm */; };
		189815CE2034BC2000EDD95E /* UIImage+Rotate.m in Sources */ = {isa = PBXBuildFile; fileRef = 189815CA2034BC2000EDD95E /* UIImage+Rotate.m */; };
		C82CFF642AF783C745F497B2 /* Pods_farmlens.framework in Frameworks */ = {isa = PBXBuildFile; fileRef = 96B3B7AE7E01B9E367EDF0DC /* Pods_farmlens.framework */; };
		ECFA712D06BD339FCA64B0D9 /* Pods_farmlensUITests.framework in Frameworks */ = {isa = PBXBuildFile; fileRef = BEB6CEB3512D9F5588F07335 /* Pods_farmlensUITests.framework */; };
/* End PBXBuildFile section */

/* Begin PBXContainerItemProxy section */
		189815852034ABA800EDD95E /* PBXContainerItemProxy */ = {
			isa = PBXContainerItemProxy;
			containerPortal = 189815682034ABA700EDD95E /* Project object */;
			proxyType = 1;
			remoteGlobalIDString = 1898156F2034ABA700EDD95E;
			remoteInfo = farmlens;
		};
		189815902034ABA800EDD95E /* PBXContainerItemProxy */ = {
			isa = PBXContainerItemProxy;
			containerPortal = 189815682034ABA700EDD95E /* Project object */;
			proxyType = 1;
			remoteGlobalIDString = 1898156F2034ABA700EDD95E;
			remoteInfo = farmlens;
		};
/* End PBXContainerItemProxy section */

/* Begin PBXFileReference section */
		04765E6613C379856B35C175 /* Pods-farmlens.release.xcconfig */ = {isa = PBXFileReference; includeInIndex = 1; lastKnownFileType = text.xcconfig; name = "Pods-farmlens.release.xcconfig"; path = "Pods/Target Support Files/Pods-farmlens/Pods-farmlens.release.xcconfig"; sourceTree = "<group>"; };
		189815702034ABA800EDD95E /* farmlens.app */ = {isa = PBXFileReference; explicitFileType = wrapper.application; includeInIndex = 0; path = farmlens.app; sourceTree = BUILT_PRODUCTS_DIR; };
		189815732034ABA800EDD95E /* AppDelegate.swift */ = {isa = PBXFileReference; lastKnownFileType = sourcecode.swift; path = AppDelegate.swift; sourceTree = "<group>"; };
		189815752034ABA800EDD95E /* ViewController.swift */ = {isa = PBXFileReference; lastKnownFileType = sourcecode.swift; path = ViewController.swift; sourceTree = "<group>"; };
		189815782034ABA800EDD95E /* Base */ = {isa = PBXFileReference; lastKnownFileType = file.storyboard; name = Base; path = Base.lproj/Main.storyboard; sourceTree = "<group>"; };
		1898157A2034ABA800EDD95E /* Assets.xcassets */ = {isa = PBXFileReference; lastKnownFileType = folder.assetcatalog; path = Assets.xcassets; sourceTree = "<group>"; };
		1898157D2034ABA800EDD95E /* Base */ = {isa = PBXFileReference; lastKnownFileType = file.storyboard; name = Base; path = Base.lproj/LaunchScreen.storyboard; sourceTree = "<group>"; };
		1898157F2034ABA800EDD95E /* Info.plist */ = {isa = PBXFileReference; lastKnownFileType = text.plist.xml; path = Info.plist; sourceTree = "<group>"; };
		189815842034ABA800EDD95E /* farmlensTests.xctest */ = {isa = PBXFileReference; explicitFileType = wrapper.cfbundle; includeInIndex = 0; path = farmlensTests.xctest; sourceTree = BUILT_PRODUCTS_DIR; };
		189815882034ABA800EDD95E /* farmlensTests.swift */ = {isa = PBXFileReference; lastKnownFileType = sourcecode.swift; path = farmlensTests.swift; sourceTree = "<group>"; };
		1898158A2034ABA800EDD95E /* Info.plist */ = {isa = PBXFileReference; lastKnownFileType = text.plist.xml; path = Info.plist; sourceTree = "<group>"; };
		1898158F2034ABA800EDD95E /* farmlensUITests.xctest */ = {isa = PBXFileReference; explicitFileType = wrapper.cfbundle; includeInIndex = 0; path = farmlensUITests.xctest; sourceTree = BUILT_PRODUCTS_DIR; };
		189815932034ABA800EDD95E /* farmlensUITests.swift */ = {isa = PBXFileReference; lastKnownFileType = sourcecode.swift; path = farmlensUITests.swift; sourceTree = "<group>"; };
		189815952034ABA800EDD95E /* Info.plist */ = {isa = PBXFileReference; lastKnownFileType = text.plist.xml; path = Info.plist; sourceTree = "<group>"; };
		189815C22034BC1F00EDD95E /* farmlens-Bridging-Header.h */ = {isa = PBXFileReference; fileEncoding = 4; lastKnownFileType = sourcecode.c.h; path = "farmlens-Bridging-Header.h"; sourceTree = "<group>"; };
		189815C32034BC1F00EDD95E /* stitching.cpp */ = {isa = PBXFileReference; fileEncoding = 4; lastKnownFileType = sourcecode.cpp.cpp; path = stitching.cpp; sourceTree = "<group>"; };
		189815C42034BC1F00EDD95E /* UIImage+OpenCV.mm */ = {isa = PBXFileReference; fileEncoding = 4; lastKnownFileType = sourcecode.cpp.objcpp; path = "UIImage+OpenCV.mm"; sourceTree = "<group>"; };
		189815C52034BC1F00EDD95E /* stitching.h */ = {isa = PBXFileReference; fileEncoding = 4; lastKnownFileType = sourcecode.c.h; path = stitching.h; sourceTree = "<group>"; };
		189815C62034BC1F00EDD95E /* UIImage+Rotate.h */ = {isa = PBXFileReference; fileEncoding = 4; lastKnownFileType = sourcecode.c.h; path = "UIImage+Rotate.h"; sourceTree = "<group>"; };
		189815C72034BC2000EDD95E /* CVWrapper.h */ = {isa = PBXFileReference; fileEncoding = 4; lastKnownFileType = sourcecode.c.h; path = CVWrapper.h; sourceTree = "<group>"; };
		189815C82034BC2000EDD95E /* UIImage+OpenCV.h */ = {isa = PBXFileReference; fileEncoding = 4; lastKnownFileType = sourcecode.c.h; path = "UIImage+OpenCV.h"; sourceTree = "<group>"; };
		189815C92034BC2000EDD95E /* CVWrapper.mm */ = {isa = PBXFileReference; fileEncoding = 4; lastKnownFileType = sourcecode.cpp.objcpp; path = CVWrapper.mm; sourceTree = "<group>"; };
		189815CA2034BC2000EDD95E /* UIImage+Rotate.m */ = {isa = PBXFileReference; fileEncoding = 4; lastKnownFileType = sourcecode.c.objc; path = "UIImage+Rotate.m"; sourceTree = "<group>"; };
		22C488C9416A7A9F82755041 /* Pods-farmlensTests.debug.xcconfig */ = {isa = PBXFileReference; includeInIndex = 1; lastKnownFileType = text.xcconfig; name = "Pods-farmlensTests.debug.xcconfig"; path = "Pods/Target Support Files/Pods-farmlensTests/Pods-farmlensTests.debug.xcconfig"; sourceTree = "<group>"; };
		918E18508B370D0D140679BB /* Pods-farmlensUITests.release.xcconfig */ = {isa = PBXFileReference; includeInIndex = 1; lastKnownFileType = text.xcconfig; name = "Pods-farmlensUITests.release.xcconfig"; path = "Pods/Target Support Files/Pods-farmlensUITests/Pods-farmlensUITests.release.xcconfig"; sourceTree = "<group>"; };
		96B3B7AE7E01B9E367EDF0DC /* Pods_farmlens.framework */ = {isa = PBXFileReference; explicitFileType = wrapper.framework; includeInIndex = 0; path = Pods_farmlens.framework; sourceTree = BUILT_PRODUCTS_DIR; };
		9D0EB582D7FD9E4355AA14FB /* Pods_farmlensTests.framework */ = {isa = PBXFileReference; explicitFileType = wrapper.framework; includeInIndex = 0; path = Pods_farmlensTests.framework; sourceTree = BUILT_PRODUCTS_DIR; };
		BEB6CEB3512D9F5588F07335 /* Pods_farmlensUITests.framework */ = {isa = PBXFileReference; explicitFileType = wrapper.framework; includeInIndex = 0; path = Pods_farmlensUITests.framework; sourceTree = BUILT_PRODUCTS_DIR; };
		E93483024F43F0A480789F57 /* Pods-farmlens.debug.xcconfig */ = {isa = PBXFileReference; includeInIndex = 1; lastKnownFileType = text.xcconfig; name = "Pods-farmlens.debug.xcconfig"; path = "Pods/Target Support Files/Pods-farmlens/Pods-farmlens.debug.xcconfig"; sourceTree = "<group>"; };
		F241F65731F626FD9BDC39B1 /* Pods-farmlensTests.release.xcconfig */ = {isa = PBXFileReference; includeInIndex = 1; lastKnownFileType = text.xcconfig; name = "Pods-farmlensTests.release.xcconfig"; path = "Pods/Target Support Files/Pods-farmlensTests/Pods-farmlensTests.release.xcconfig"; sourceTree = "<group>"; };
		F6056B5D37EE2FAE27830351 /* Pods-farmlensUITests.debug.xcconfig */ = {isa = PBXFileReference; includeInIndex = 1; lastKnownFileType = text.xcconfig; name = "Pods-farmlensUITests.debug.xcconfig"; path = "Pods/Target Support Files/Pods-farmlensUITests/Pods-farmlensUITests.debug.xcconfig"; sourceTree = "<group>"; };
/* End PBXFileReference section */

/* Begin PBXFrameworksBuildPhase section */
		1898156D2034ABA700EDD95E /* Frameworks */ = {
			isa = PBXFrameworksBuildPhase;
			buildActionMask = 2147483647;
			files = (
				C82CFF642AF783C745F497B2 /* Pods_farmlens.framework in Frameworks */,
			);
			runOnlyForDeploymentPostprocessing = 0;
		};
		189815812034ABA800EDD95E /* Frameworks */ = {
			isa = PBXFrameworksBuildPhase;
			buildActionMask = 2147483647;
			files = (
				0D571DA5BB05B73A759E2846 /* Pods_farmlensTests.framework in Frameworks */,
			);
			runOnlyForDeploymentPostprocessing = 0;
		};
		1898158C2034ABA800EDD95E /* Frameworks */ = {
			isa = PBXFrameworksBuildPhase;
			buildActionMask = 2147483647;
			files = (
				ECFA712D06BD339FCA64B0D9 /* Pods_farmlensUITests.framework in Frameworks */,
			);
			runOnlyForDeploymentPostprocessing = 0;
		};
/* End PBXFrameworksBuildPhase section */

/* Begin PBXGroup section */
		189815672034ABA700EDD95E = {
			isa = PBXGroup;
			children = (
				189815722034ABA800EDD95E /* farmlens */,
				189815872034ABA800EDD95E /* farmlensTests */,
				189815922034ABA800EDD95E /* farmlensUITests */,
				189815712034ABA800EDD95E /* Products */,
				1BD674D018940965FBAA3E63 /* Pods */,
				8E23A0C8638CE006FF05F3B7 /* Frameworks */,
			);
			sourceTree = "<group>";
		};
		189815712034ABA800EDD95E /* Products */ = {
			isa = PBXGroup;
			children = (
				189815702034ABA800EDD95E /* farmlens.app */,
				189815842034ABA800EDD95E /* farmlensTests.xctest */,
				1898158F2034ABA800EDD95E /* farmlensUITests.xctest */,
			);
			name = Products;
			sourceTree = "<group>";
		};
		189815722034ABA800EDD95E /* farmlens */ = {
			isa = PBXGroup;
			children = (
				189815C12034BBDE00EDD95E /* App */,
				189815C02034BBDA00EDD95E /* View */,
				189815BF2034BBD300EDD95E /* ViewControllers */,
				189815BD2034BBC800EDD95E /* Services */,
				189815BC2034BBC400EDD95E /* Model */,
				1898157A2034ABA800EDD95E /* Assets.xcassets */,
			);
			path = farmlens;
			sourceTree = "<group>";
		};
		189815872034ABA800EDD95E /* farmlensTests */ = {
			isa = PBXGroup;
			children = (
				189815882034ABA800EDD95E /* farmlensTests.swift */,
				1898158A2034ABA800EDD95E /* Info.plist */,
			);
			path = farmlensTests;
			sourceTree = "<group>";
		};
		189815922034ABA800EDD95E /* farmlensUITests */ = {
			isa = PBXGroup;
			children = (
				189815932034ABA800EDD95E /* farmlensUITests.swift */,
				189815952034ABA800EDD95E /* Info.plist */,
			);
			path = farmlensUITests;
			sourceTree = "<group>";
		};
		189815BC2034BBC400EDD95E /* Model */ = {
			isa = PBXGroup;
			children = (
			);
			path = Model;
			sourceTree = "<group>";
		};
		189815BD2034BBC800EDD95E /* Services */ = {
			isa = PBXGroup;
			children = (
				189815BE2034BBCD00EDD95E /* ImageStitching */,
			);
			path = Services;
			sourceTree = "<group>";
		};
		189815BE2034BBCD00EDD95E /* ImageStitching */ = {
			isa = PBXGroup;
			children = (
				189815C72034BC2000EDD95E /* CVWrapper.h */,
				189815C92034BC2000EDD95E /* CVWrapper.mm */,
				189815C32034BC1F00EDD95E /* stitching.cpp */,
				189815C52034BC1F00EDD95E /* stitching.h */,
				189815C82034BC2000EDD95E /* UIImage+OpenCV.h */,
				189815C42034BC1F00EDD95E /* UIImage+OpenCV.mm */,
				189815C62034BC1F00EDD95E /* UIImage+Rotate.h */,
				189815CA2034BC2000EDD95E /* UIImage+Rotate.m */,
				189815C22034BC1F00EDD95E /* farmlens-Bridging-Header.h */,
			);
			path = ImageStitching;
			sourceTree = "<group>";
		};
		189815BF2034BBD300EDD95E /* ViewControllers */ = {
			isa = PBXGroup;
			children = (
				189815752034ABA800EDD95E /* ViewController.swift */,
			);
			path = ViewControllers;
			sourceTree = "<group>";
		};
		189815C02034BBDA00EDD95E /* View */ = {
			isa = PBXGroup;
			children = (
				189815772034ABA800EDD95E /* Main.storyboard */,
				1898157C2034ABA800EDD95E /* LaunchScreen.storyboard */,
			);
			path = View;
			sourceTree = "<group>";
		};
		189815C12034BBDE00EDD95E /* App */ = {
			isa = PBXGroup;
			children = (
				189815732034ABA800EDD95E /* AppDelegate.swift */,
				1898157F2034ABA800EDD95E /* Info.plist */,
			);
			path = App;
			sourceTree = "<group>";
		};
		1BD674D018940965FBAA3E63 /* Pods */ = {
			isa = PBXGroup;
			children = (
				E93483024F43F0A480789F57 /* Pods-farmlens.debug.xcconfig */,
				04765E6613C379856B35C175 /* Pods-farmlens.release.xcconfig */,
				22C488C9416A7A9F82755041 /* Pods-farmlensTests.debug.xcconfig */,
				F241F65731F626FD9BDC39B1 /* Pods-farmlensTests.release.xcconfig */,
				F6056B5D37EE2FAE27830351 /* Pods-farmlensUITests.debug.xcconfig */,
				918E18508B370D0D140679BB /* Pods-farmlensUITests.release.xcconfig */,
			);
			name = Pods;
			sourceTree = "<group>";
		};
		8E23A0C8638CE006FF05F3B7 /* Frameworks */ = {
			isa = PBXGroup;
			children = (
				96B3B7AE7E01B9E367EDF0DC /* Pods_farmlens.framework */,
				9D0EB582D7FD9E4355AA14FB /* Pods_farmlensTests.framework */,
				BEB6CEB3512D9F5588F07335 /* Pods_farmlensUITests.framework */,
			);
			name = Frameworks;
			sourceTree = "<group>";
		};
/* End PBXGroup section */

/* Begin PBXNativeTarget section */
		1898156F2034ABA700EDD95E /* farmlens */ = {
			isa = PBXNativeTarget;
			buildConfigurationList = 189815982034ABA800EDD95E /* Build configuration list for PBXNativeTarget "farmlens" */;
			buildPhases = (
				2DE3D59FC35B7285A7DEE0FD /* [CP] Check Pods Manifest.lock */,
				1898156C2034ABA700EDD95E /* Sources */,
				1898156D2034ABA700EDD95E /* Frameworks */,
				1898156E2034ABA700EDD95E /* Resources */,
				BCDD9C7DBCACDBC4024DA699 /* [CP] Embed Pods Frameworks */,
				C7701DEC4350100A4AFC1375 /* [CP] Copy Pods Resources */,
			);
			buildRules = (
			);
			dependencies = (
			);
			name = farmlens;
			productName = farmlens;
			productReference = 189815702034ABA800EDD95E /* farmlens.app */;
			productType = "com.apple.product-type.application";
		};
		189815832034ABA800EDD95E /* farmlensTests */ = {
			isa = PBXNativeTarget;
			buildConfigurationList = 1898159B2034ABA800EDD95E /* Build configuration list for PBXNativeTarget "farmlensTests" */;
			buildPhases = (
				6E0AFA3126B596CA3A08B0D5 /* [CP] Check Pods Manifest.lock */,
				189815802034ABA800EDD95E /* Sources */,
				189815812034ABA800EDD95E /* Frameworks */,
				189815822034ABA800EDD95E /* Resources */,
				2D4A92707B18AA1AEC2A584B /* [CP] Embed Pods Frameworks */,
				D041F3636437F10EB242B23A /* [CP] Copy Pods Resources */,
			);
			buildRules = (
			);
			dependencies = (
				189815862034ABA800EDD95E /* PBXTargetDependency */,
			);
			name = farmlensTests;
			productName = farmlensTests;
			productReference = 189815842034ABA800EDD95E /* farmlensTests.xctest */;
			productType = "com.apple.product-type.bundle.unit-test";
		};
		1898158E2034ABA800EDD95E /* farmlensUITests */ = {
			isa = PBXNativeTarget;
			buildConfigurationList = 1898159E2034ABA800EDD95E /* Build configuration list for PBXNativeTarget "farmlensUITests" */;
			buildPhases = (
				1E282FEBEC226D851D251A80 /* [CP] Check Pods Manifest.lock */,
				1898158B2034ABA800EDD95E /* Sources */,
				1898158C2034ABA800EDD95E /* Frameworks */,
				1898158D2034ABA800EDD95E /* Resources */,
				F4D3A5129B107DCF9B5E3E9E /* [CP] Embed Pods Frameworks */,
				5EFB8CA3C7BF6EA920049907 /* [CP] Copy Pods Resources */,
			);
			buildRules = (
			);
			dependencies = (
				189815912034ABA800EDD95E /* PBXTargetDependency */,
			);
			name = farmlensUITests;
			productName = farmlensUITests;
			productReference = 1898158F2034ABA800EDD95E /* farmlensUITests.xctest */;
			productType = "com.apple.product-type.bundle.ui-testing";
		};
/* End PBXNativeTarget section */

/* Begin PBXProject section */
		189815682034ABA700EDD95E /* Project object */ = {
			isa = PBXProject;
			attributes = {
				LastSwiftUpdateCheck = 0920;
				LastUpgradeCheck = 0920;
				ORGANIZATIONNAME = Agribotix;
				TargetAttributes = {
					1898156F2034ABA700EDD95E = {
						CreatedOnToolsVersion = 9.2;
						LastSwiftMigration = 0920;
						ProvisioningStyle = Automatic;
					};
					189815832034ABA800EDD95E = {
						CreatedOnToolsVersion = 9.2;
						ProvisioningStyle = Automatic;
						TestTargetID = 1898156F2034ABA700EDD95E;
					};
					1898158E2034ABA800EDD95E = {
						CreatedOnToolsVersion = 9.2;
						ProvisioningStyle = Automatic;
						TestTargetID = 1898156F2034ABA700EDD95E;
					};
				};
			};
			buildConfigurationList = 1898156B2034ABA700EDD95E /* Build configuration list for PBXProject "farmlens" */;
			compatibilityVersion = "Xcode 8.0";
			developmentRegion = en;
			hasScannedForEncodings = 0;
			knownRegions = (
				en,
				Base,
			);
			mainGroup = 189815672034ABA700EDD95E;
			productRefGroup = 189815712034ABA800EDD95E /* Products */;
			projectDirPath = "";
			projectRoot = "";
			targets = (
				1898156F2034ABA700EDD95E /* farmlens */,
				189815832034ABA800EDD95E /* farmlensTests */,
				1898158E2034ABA800EDD95E /* farmlensUITests */,
			);
		};
/* End PBXProject section */

/* Begin PBXResourcesBuildPhase section */
		1898156E2034ABA700EDD95E /* Resources */ = {
			isa = PBXResourcesBuildPhase;
			buildActionMask = 2147483647;
			files = (
				1898157E2034ABA800EDD95E /* LaunchScreen.storyboard in Resources */,
				1898157B2034ABA800EDD95E /* Assets.xcassets in Resources */,
				189815792034ABA800EDD95E /* Main.storyboard in Resources */,
			);
			runOnlyForDeploymentPostprocessing = 0;
		};
		189815822034ABA800EDD95E /* Resources */ = {
			isa = PBXResourcesBuildPhase;
			buildActionMask = 2147483647;
			files = (
			);
			runOnlyForDeploymentPostprocessing = 0;
		};
		1898158D2034ABA800EDD95E /* Resources */ = {
			isa = PBXResourcesBuildPhase;
			buildActionMask = 2147483647;
			files = (
			);
			runOnlyForDeploymentPostprocessing = 0;
		};
/* End PBXResourcesBuildPhase section */

/* Begin PBXShellScriptBuildPhase section */
		1E282FEBEC226D851D251A80 /* [CP] Check Pods Manifest.lock */ = {
			isa = PBXShellScriptBuildPhase;
			buildActionMask = 2147483647;
			files = (
			);
			inputPaths = (
				"${PODS_PODFILE_DIR_PATH}/Podfile.lock",
				"${PODS_ROOT}/Manifest.lock",
			);
			name = "[CP] Check Pods Manifest.lock";
			outputPaths = (
				"$(DERIVED_FILE_DIR)/Pods-farmlensUITests-checkManifestLockResult.txt",
			);
			runOnlyForDeploymentPostprocessing = 0;
			shellPath = /bin/sh;
			shellScript = "diff \"${PODS_PODFILE_DIR_PATH}/Podfile.lock\" \"${PODS_ROOT}/Manifest.lock\" > /dev/null\nif [ $? != 0 ] ; then\n    # print error to STDERR\n    echo \"error: The sandbox is not in sync with the Podfile.lock. Run 'pod install' or update your CocoaPods installation.\" >&2\n    exit 1\nfi\n# This output is used by Xcode 'outputs' to avoid re-running this script phase.\necho \"SUCCESS\" > \"${SCRIPT_OUTPUT_FILE_0}\"\n";
			showEnvVarsInLog = 0;
		};
		2D4A92707B18AA1AEC2A584B /* [CP] Embed Pods Frameworks */ = {
			isa = PBXShellScriptBuildPhase;
			buildActionMask = 2147483647;
			files = (
			);
			inputPaths = (
			);
			name = "[CP] Embed Pods Frameworks";
			outputPaths = (
			);
			runOnlyForDeploymentPostprocessing = 0;
			shellPath = /bin/sh;
			shellScript = "\"${SRCROOT}/Pods/Target Support Files/Pods-farmlensTests/Pods-farmlensTests-frameworks.sh\"\n";
			showEnvVarsInLog = 0;
		};
		2DE3D59FC35B7285A7DEE0FD /* [CP] Check Pods Manifest.lock */ = {
			isa = PBXShellScriptBuildPhase;
			buildActionMask = 2147483647;
			files = (
			);
			inputPaths = (
				"${PODS_PODFILE_DIR_PATH}/Podfile.lock",
				"${PODS_ROOT}/Manifest.lock",
			);
			name = "[CP] Check Pods Manifest.lock";
			outputPaths = (
				"$(DERIVED_FILE_DIR)/Pods-farmlens-checkManifestLockResult.txt",
			);
			runOnlyForDeploymentPostprocessing = 0;
			shellPath = /bin/sh;
			shellScript = "diff \"${PODS_PODFILE_DIR_PATH}/Podfile.lock\" \"${PODS_ROOT}/Manifest.lock\" > /dev/null\nif [ $? != 0 ] ; then\n    # print error to STDERR\n    echo \"error: The sandbox is not in sync with the Podfile.lock. Run 'pod install' or update your CocoaPods installation.\" >&2\n    exit 1\nfi\n# This output is used by Xcode 'outputs' to avoid re-running this script phase.\necho \"SUCCESS\" > \"${SCRIPT_OUTPUT_FILE_0}\"\n";
			showEnvVarsInLog = 0;
		};
		5EFB8CA3C7BF6EA920049907 /* [CP] Copy Pods Resources */ = {
			isa = PBXShellScriptBuildPhase;
			buildActionMask = 2147483647;
			files = (
			);
			inputPaths = (
			);
			name = "[CP] Copy Pods Resources";
			outputPaths = (
			);
			runOnlyForDeploymentPostprocessing = 0;
			shellPath = /bin/sh;
			shellScript = "\"${SRCROOT}/Pods/Target Support Files/Pods-farmlensUITests/Pods-farmlensUITests-resources.sh\"\n";
			showEnvVarsInLog = 0;
		};
		6E0AFA3126B596CA3A08B0D5 /* [CP] Check Pods Manifest.lock */ = {
			isa = PBXShellScriptBuildPhase;
			buildActionMask = 2147483647;
			files = (
			);
			inputPaths = (
				"${PODS_PODFILE_DIR_PATH}/Podfile.lock",
				"${PODS_ROOT}/Manifest.lock",
			);
			name = "[CP] Check Pods Manifest.lock";
			outputPaths = (
				"$(DERIVED_FILE_DIR)/Pods-farmlensTests-checkManifestLockResult.txt",
			);
			runOnlyForDeploymentPostprocessing = 0;
			shellPath = /bin/sh;
			shellScript = "diff \"${PODS_PODFILE_DIR_PATH}/Podfile.lock\" \"${PODS_ROOT}/Manifest.lock\" > /dev/null\nif [ $? != 0 ] ; then\n    # print error to STDERR\n    echo \"error: The sandbox is not in sync with the Podfile.lock. Run 'pod install' or update your CocoaPods installation.\" >&2\n    exit 1\nfi\n# This output is used by Xcode 'outputs' to avoid re-running this script phase.\necho \"SUCCESS\" > \"${SCRIPT_OUTPUT_FILE_0}\"\n";
			showEnvVarsInLog = 0;
		};
		BCDD9C7DBCACDBC4024DA699 /* [CP] Embed Pods Frameworks */ = {
			isa = PBXShellScriptBuildPhase;
			buildActionMask = 2147483647;
			files = (
			);
			inputPaths = (
				"${SRCROOT}/Pods/Target Support Files/Pods-farmlens/Pods-farmlens-frameworks.sh",
				"${PODS_ROOT}/DJI-SDK-iOS/iOS_Mobile_SDK/DJISDK.framework",
			);
			name = "[CP] Embed Pods Frameworks";
			outputPaths = (
				"${TARGET_BUILD_DIR}/${FRAMEWORKS_FOLDER_PATH}/DJISDK.framework",
			);
			runOnlyForDeploymentPostprocessing = 0;
			shellPath = /bin/sh;
			shellScript = "\"${SRCROOT}/Pods/Target Support Files/Pods-farmlens/Pods-farmlens-frameworks.sh\"\n";
			showEnvVarsInLog = 0;
		};
		C7701DEC4350100A4AFC1375 /* [CP] Copy Pods Resources */ = {
			isa = PBXShellScriptBuildPhase;
			buildActionMask = 2147483647;
			files = (
			);
			inputPaths = (
			);
			name = "[CP] Copy Pods Resources";
			outputPaths = (
			);
			runOnlyForDeploymentPostprocessing = 0;
			shellPath = /bin/sh;
			shellScript = "\"${SRCROOT}/Pods/Target Support Files/Pods-farmlens/Pods-farmlens-resources.sh\"\n";
			showEnvVarsInLog = 0;
		};
		D041F3636437F10EB242B23A /* [CP] Copy Pods Resources */ = {
			isa = PBXShellScriptBuildPhase;
			buildActionMask = 2147483647;
			files = (
			);
			inputPaths = (
			);
			name = "[CP] Copy Pods Resources";
			outputPaths = (
			);
			runOnlyForDeploymentPostprocessing = 0;
			shellPath = /bin/sh;
			shellScript = "\"${SRCROOT}/Pods/Target Support Files/Pods-farmlensTests/Pods-farmlensTests-resources.sh\"\n";
			showEnvVarsInLog = 0;
		};
		F4D3A5129B107DCF9B5E3E9E /* [CP] Embed Pods Frameworks */ = {
			isa = PBXShellScriptBuildPhase;
			buildActionMask = 2147483647;
			files = (
			);
			inputPaths = (
			);
			name = "[CP] Embed Pods Frameworks";
			outputPaths = (
			);
			runOnlyForDeploymentPostprocessing = 0;
			shellPath = /bin/sh;
			shellScript = "\"${SRCROOT}/Pods/Target Support Files/Pods-farmlensUITests/Pods-farmlensUITests-frameworks.sh\"\n";
			showEnvVarsInLog = 0;
		};
/* End PBXShellScriptBuildPhase section */

/* Begin PBXSourcesBuildPhase section */
		1898156C2034ABA700EDD95E /* Sources */ = {
			isa = PBXSourcesBuildPhase;
			buildActionMask = 2147483647;
			files = (
				189815CC2034BC2000EDD95E /* UIImage+OpenCV.mm in Sources */,
				189815CD2034BC2000EDD95E /* CVWrapper.mm in Sources */,
				189815CE2034BC2000EDD95E /* UIImage+Rotate.m in Sources */,
				189815762034ABA800EDD95E /* ViewController.swift in Sources */,
				189815742034ABA800EDD95E /* AppDelegate.swift in Sources */,
				189815CB2034BC2000EDD95E /* stitching.cpp in Sources */,
			);
			runOnlyForDeploymentPostprocessing = 0;
		};
		189815802034ABA800EDD95E /* Sources */ = {
			isa = PBXSourcesBuildPhase;
			buildActionMask = 2147483647;
			files = (
				189815892034ABA800EDD95E /* farmlensTests.swift in Sources */,
			);
			runOnlyForDeploymentPostprocessing = 0;
		};
		1898158B2034ABA800EDD95E /* Sources */ = {
			isa = PBXSourcesBuildPhase;
			buildActionMask = 2147483647;
			files = (
				189815942034ABA800EDD95E /* farmlensUITests.swift in Sources */,
			);
			runOnlyForDeploymentPostprocessing = 0;
		};
/* End PBXSourcesBuildPhase section */

/* Begin PBXTargetDependency section */
		189815862034ABA800EDD95E /* PBXTargetDependency */ = {
			isa = PBXTargetDependency;
			target = 1898156F2034ABA700EDD95E /* farmlens */;
			targetProxy = 189815852034ABA800EDD95E /* PBXContainerItemProxy */;
		};
		189815912034ABA800EDD95E /* PBXTargetDependency */ = {
			isa = PBXTargetDependency;
			target = 1898156F2034ABA700EDD95E /* farmlens */;
			targetProxy = 189815902034ABA800EDD95E /* PBXContainerItemProxy */;
		};
/* End PBXTargetDependency section */

/* Begin PBXVariantGroup section */
		189815772034ABA800EDD95E /* Main.storyboard */ = {
			isa = PBXVariantGroup;
			children = (
				189815782034ABA800EDD95E /* Base */,
			);
			name = Main.storyboard;
			sourceTree = "<group>";
		};
		1898157C2034ABA800EDD95E /* LaunchScreen.storyboard */ = {
			isa = PBXVariantGroup;
			children = (
				1898157D2034ABA800EDD95E /* Base */,
			);
			name = LaunchScreen.storyboard;
			sourceTree = "<group>";
		};
/* End PBXVariantGroup section */

/* Begin XCBuildConfiguration section */
		189815962034ABA800EDD95E /* Debug */ = {
			isa = XCBuildConfiguration;
			buildSettings = {
				ALWAYS_SEARCH_USER_PATHS = NO;
				CLANG_ANALYZER_NONNULL = YES;
				CLANG_ANALYZER_NUMBER_OBJECT_CONVERSION = YES_AGGRESSIVE;
				CLANG_CXX_LANGUAGE_STANDARD = "gnu++14";
				CLANG_CXX_LIBRARY = "libc++";
				CLANG_ENABLE_MODULES = YES;
				CLANG_ENABLE_OBJC_ARC = YES;
				CLANG_WARN_BLOCK_CAPTURE_AUTORELEASING = YES;
				CLANG_WARN_BOOL_CONVERSION = YES;
				CLANG_WARN_COMMA = YES;
				CLANG_WARN_CONSTANT_CONVERSION = YES;
				CLANG_WARN_DIRECT_OBJC_ISA_USAGE = YES_ERROR;
				CLANG_WARN_DOCUMENTATION_COMMENTS = YES;
				CLANG_WARN_EMPTY_BODY = YES;
				CLANG_WARN_ENUM_CONVERSION = YES;
				CLANG_WARN_INFINITE_RECURSION = YES;
				CLANG_WARN_INT_CONVERSION = YES;
				CLANG_WARN_NON_LITERAL_NULL_CONVERSION = YES;
				CLANG_WARN_OBJC_LITERAL_CONVERSION = YES;
				CLANG_WARN_OBJC_ROOT_CLASS = YES_ERROR;
				CLANG_WARN_RANGE_LOOP_ANALYSIS = YES;
				CLANG_WARN_STRICT_PROTOTYPES = YES;
				CLANG_WARN_SUSPICIOUS_MOVE = YES;
				CLANG_WARN_UNGUARDED_AVAILABILITY = YES_AGGRESSIVE;
				CLANG_WARN_UNREACHABLE_CODE = YES;
				CLANG_WARN__DUPLICATE_METHOD_MATCH = YES;
				CODE_SIGN_IDENTITY = "iPhone Developer";
				COPY_PHASE_STRIP = NO;
				DEBUG_INFORMATION_FORMAT = dwarf;
				ENABLE_STRICT_OBJC_MSGSEND = YES;
				ENABLE_TESTABILITY = YES;
				GCC_C_LANGUAGE_STANDARD = gnu11;
				GCC_DYNAMIC_NO_PIC = NO;
				GCC_NO_COMMON_BLOCKS = YES;
				GCC_OPTIMIZATION_LEVEL = 0;
				GCC_PREPROCESSOR_DEFINITIONS = (
					"DEBUG=1",
					"$(inherited)",
				);
				GCC_WARN_64_TO_32_BIT_CONVERSION = YES;
				GCC_WARN_ABOUT_RETURN_TYPE = YES_ERROR;
				GCC_WARN_UNDECLARED_SELECTOR = YES;
				GCC_WARN_UNINITIALIZED_AUTOS = YES_AGGRESSIVE;
				GCC_WARN_UNUSED_FUNCTION = YES;
				GCC_WARN_UNUSED_VARIABLE = YES;
				IPHONEOS_DEPLOYMENT_TARGET = 11.2;
				MTL_ENABLE_DEBUG_INFO = YES;
				ONLY_ACTIVE_ARCH = YES;
				SDKROOT = iphoneos;
				SWIFT_ACTIVE_COMPILATION_CONDITIONS = DEBUG;
				SWIFT_OPTIMIZATION_LEVEL = "-Onone";
			};
			name = Debug;
		};
		189815972034ABA800EDD95E /* Release */ = {
			isa = XCBuildConfiguration;
			buildSettings = {
				ALWAYS_SEARCH_USER_PATHS = NO;
				CLANG_ANALYZER_NONNULL = YES;
				CLANG_ANALYZER_NUMBER_OBJECT_CONVERSION = YES_AGGRESSIVE;
				CLANG_CXX_LANGUAGE_STANDARD = "gnu++14";
				CLANG_CXX_LIBRARY = "libc++";
				CLANG_ENABLE_MODULES = YES;
				CLANG_ENABLE_OBJC_ARC = YES;
				CLANG_WARN_BLOCK_CAPTURE_AUTORELEASING = YES;
				CLANG_WARN_BOOL_CONVERSION = YES;
				CLANG_WARN_COMMA = YES;
				CLANG_WARN_CONSTANT_CONVERSION = YES;
				CLANG_WARN_DIRECT_OBJC_ISA_USAGE = YES_ERROR;
				CLANG_WARN_DOCUMENTATION_COMMENTS = YES;
				CLANG_WARN_EMPTY_BODY = YES;
				CLANG_WARN_ENUM_CONVERSION = YES;
				CLANG_WARN_INFINITE_RECURSION = YES;
				CLANG_WARN_INT_CONVERSION = YES;
				CLANG_WARN_NON_LITERAL_NULL_CONVERSION = YES;
				CLANG_WARN_OBJC_LITERAL_CONVERSION = YES;
				CLANG_WARN_OBJC_ROOT_CLASS = YES_ERROR;
				CLANG_WARN_RANGE_LOOP_ANALYSIS = YES;
				CLANG_WARN_STRICT_PROTOTYPES = YES;
				CLANG_WARN_SUSPICIOUS_MOVE = YES;
				CLANG_WARN_UNGUARDED_AVAILABILITY = YES_AGGRESSIVE;
				CLANG_WARN_UNREACHABLE_CODE = YES;
				CLANG_WARN__DUPLICATE_METHOD_MATCH = YES;
				CODE_SIGN_IDENTITY = "iPhone Developer";
				COPY_PHASE_STRIP = NO;
				DEBUG_INFORMATION_FORMAT = "dwarf-with-dsym";
				ENABLE_NS_ASSERTIONS = NO;
				ENABLE_STRICT_OBJC_MSGSEND = YES;
				GCC_C_LANGUAGE_STANDARD = gnu11;
				GCC_NO_COMMON_BLOCKS = YES;
				GCC_WARN_64_TO_32_BIT_CONVERSION = YES;
				GCC_WARN_ABOUT_RETURN_TYPE = YES_ERROR;
				GCC_WARN_UNDECLARED_SELECTOR = YES;
				GCC_WARN_UNINITIALIZED_AUTOS = YES_AGGRESSIVE;
				GCC_WARN_UNUSED_FUNCTION = YES;
				GCC_WARN_UNUSED_VARIABLE = YES;
				IPHONEOS_DEPLOYMENT_TARGET = 11.2;
				MTL_ENABLE_DEBUG_INFO = NO;
				SDKROOT = iphoneos;
				SWIFT_OPTIMIZATION_LEVEL = "-Owholemodule";
				VALIDATE_PRODUCT = YES;
			};
			name = Release;
		};
		189815992034ABA800EDD95E /* Debug */ = {
			isa = XCBuildConfiguration;
			baseConfigurationReference = E93483024F43F0A480789F57 /* Pods-farmlens.debug.xcconfig */;
			buildSettings = {
				ASSETCATALOG_COMPILER_APPICON_NAME = AppIcon;
				CLANG_ENABLE_MODULES = YES;
				CODE_SIGN_STYLE = Automatic;
				DEVELOPMENT_TEAM = DYG5XF554D;
				ENABLE_BITCODE = NO;
				INFOPLIST_FILE = "$(SRCROOT)/farmlens/App/Info.plist";
				LD_RUNPATH_SEARCH_PATHS = "$(inherited) @executable_path/Frameworks";
				PRODUCT_BUNDLE_IDENTIFIER = com.agribotix.farmlens;
				PRODUCT_NAME = "$(TARGET_NAME)";
				SWIFT_OBJC_BRIDGING_HEADER = "farmlens/Services/ImageStitching/farmlens-Bridging-Header.h";
				SWIFT_OPTIMIZATION_LEVEL = "-Onone";
				SWIFT_VERSION = 4.0;
				TARGETED_DEVICE_FAMILY = "1,2";
			};
			name = Debug;
		};
		1898159A2034ABA800EDD95E /* Release */ = {
			isa = XCBuildConfiguration;
			baseConfigurationReference = 04765E6613C379856B35C175 /* Pods-farmlens.release.xcconfig */;
			buildSettings = {
				ASSETCATALOG_COMPILER_APPICON_NAME = AppIcon;
				CLANG_ENABLE_MODULES = YES;
				CODE_SIGN_STYLE = Automatic;
				DEVELOPMENT_TEAM = DYG5XF554D;
				ENABLE_BITCODE = NO;
				INFOPLIST_FILE = "$(SRCROOT)/farmlens/App/Info.plist";
				LD_RUNPATH_SEARCH_PATHS = "$(inherited) @executable_path/Frameworks";
				PRODUCT_BUNDLE_IDENTIFIER = com.agribotix.farmlens;
				PRODUCT_NAME = "$(TARGET_NAME)";
				SWIFT_OBJC_BRIDGING_HEADER = "farmlens/Services/ImageStitching/farmlens-Bridging-Header.h";
				SWIFT_VERSION = 4.0;
				TARGETED_DEVICE_FAMILY = "1,2";
			};
			name = Release;
		};
		1898159C2034ABA800EDD95E /* Debug */ = {
			isa = XCBuildConfiguration;
			baseConfigurationReference = 22C488C9416A7A9F82755041 /* Pods-farmlensTests.debug.xcconfig */;
			buildSettings = {
				ALWAYS_EMBED_SWIFT_STANDARD_LIBRARIES = YES;
				BUNDLE_LOADER = "$(TEST_HOST)";
				CODE_SIGN_STYLE = Automatic;
				DEVELOPMENT_TEAM = DYG5XF554D;
				INFOPLIST_FILE = farmlensTests/Info.plist;
				LD_RUNPATH_SEARCH_PATHS = "$(inherited) @executable_path/Frameworks @loader_path/Frameworks";
				PRODUCT_BUNDLE_IDENTIFIER = com.agribotix.farmlensTests;
				PRODUCT_NAME = "$(TARGET_NAME)";
				SWIFT_VERSION = 4.0;
				TARGETED_DEVICE_FAMILY = "1,2";
				TEST_HOST = "$(BUILT_PRODUCTS_DIR)/farmlens.app/farmlens";
			};
			name = Debug;
		};
		1898159D2034ABA800EDD95E /* Release */ = {
			isa = XCBuildConfiguration;
			baseConfigurationReference = F241F65731F626FD9BDC39B1 /* Pods-farmlensTests.release.xcconfig */;
			buildSettings = {
				ALWAYS_EMBED_SWIFT_STANDARD_LIBRARIES = YES;
				BUNDLE_LOADER = "$(TEST_HOST)";
				CODE_SIGN_STYLE = Automatic;
				DEVELOPMENT_TEAM = DYG5XF554D;
				INFOPLIST_FILE = farmlensTests/Info.plist;
				LD_RUNPATH_SEARCH_PATHS = "$(inherited) @executable_path/Frameworks @loader_path/Frameworks";
				PRODUCT_BUNDLE_IDENTIFIER = com.agribotix.farmlensTests;
				PRODUCT_NAME = "$(TARGET_NAME)";
				SWIFT_VERSION = 4.0;
				TARGETED_DEVICE_FAMILY = "1,2";
				TEST_HOST = "$(BUILT_PRODUCTS_DIR)/farmlens.app/farmlens";
			};
			name = Release;
		};
		1898159F2034ABA800EDD95E /* Debug */ = {
			isa = XCBuildConfiguration;
			baseConfigurationReference = F6056B5D37EE2FAE27830351 /* Pods-farmlensUITests.debug.xcconfig */;
			buildSettings = {
				ALWAYS_EMBED_SWIFT_STANDARD_LIBRARIES = YES;
				CODE_SIGN_STYLE = Automatic;
				DEVELOPMENT_TEAM = DYG5XF554D;
				INFOPLIST_FILE = farmlensUITests/Info.plist;
				LD_RUNPATH_SEARCH_PATHS = "$(inherited) @executable_path/Frameworks @loader_path/Frameworks";
				PRODUCT_BUNDLE_IDENTIFIER = com.agribotix.farmlensUITests;
				PRODUCT_NAME = "$(TARGET_NAME)";
				SWIFT_VERSION = 4.0;
				TARGETED_DEVICE_FAMILY = "1,2";
				TEST_TARGET_NAME = farmlens;
			};
			name = Debug;
		};
		189815A02034ABA800EDD95E /* Release */ = {
			isa = XCBuildConfiguration;
			baseConfigurationReference = 918E18508B370D0D140679BB /* Pods-farmlensUITests.release.xcconfig */;
			buildSettings = {
				ALWAYS_EMBED_SWIFT_STANDARD_LIBRARIES = YES;
				CODE_SIGN_STYLE = Automatic;
				DEVELOPMENT_TEAM = DYG5XF554D;
				INFOPLIST_FILE = farmlensUITests/Info.plist;
				LD_RUNPATH_SEARCH_PATHS = "$(inherited) @executable_path/Frameworks @loader_path/Frameworks";
				PRODUCT_BUNDLE_IDENTIFIER = com.agribotix.farmlensUITests;
				PRODUCT_NAME = "$(TARGET_NAME)";
				SWIFT_VERSION = 4.0;
				TARGETED_DEVICE_FAMILY = "1,2";
				TEST_TARGET_NAME = farmlens;
			};
			name = Release;
		};
/* End XCBuildConfiguration section */

/* Begin XCConfigurationList section */
		1898156B2034ABA700EDD95E /* Build configuration list for PBXProject "farmlens" */ = {
			isa = XCConfigurationList;
			buildConfigurations = (
				189815962034ABA800EDD95E /* Debug */,
				189815972034ABA800EDD95E /* Release */,
			);
			defaultConfigurationIsVisible = 0;
			defaultConfigurationName = Release;
		};
		189815982034ABA800EDD95E /* Build configuration list for PBXNativeTarget "farmlens" */ = {
			isa = XCConfigurationList;
			buildConfigurations = (
				189815992034ABA800EDD95E /* Debug */,
				1898159A2034ABA800EDD95E /* Release */,
			);
			defaultConfigurationIsVisible = 0;
			defaultConfigurationName = Release;
		};
		1898159B2034ABA800EDD95E /* Build configuration list for PBXNativeTarget "farmlensTests" */ = {
			isa = XCConfigurationList;
			buildConfigurations = (
				1898159C2034ABA800EDD95E /* Debug */,
				1898159D2034ABA800EDD95E /* Release */,
			);
			defaultConfigurationIsVisible = 0;
			defaultConfigurationName = Release;
		};
		1898159E2034ABA800EDD95E /* Build configuration list for PBXNativeTarget "farmlensUITests" */ = {
			isa = XCConfigurationList;
			buildConfigurations = (
				1898159F2034ABA800EDD95E /* Debug */,
				189815A02034ABA800EDD95E /* Release */,
			);
			defaultConfigurationIsVisible = 0;
			defaultConfigurationName = Release;
		};
/* End XCConfigurationList section */
	};
	rootObject = 189815682034ABA700EDD95E /* Project object */;
}
