// !$*UTF8*$!
{
	archiveVersion = 1;
	classes = {
	};
	objectVersion = 46;
	objects = {

/* Begin PBXBuildFile section */
		15218CE2DDAFA5503F4B1688 /* Pods_FieldMap.framework in Frameworks */ = {isa = PBXBuildFile; fileRef = 4FB006688C1189D3A894C27F /* Pods_FieldMap.framework */; };
		182D46A9205306B800A4CBD8 /* FarmLensUITests.swift in Sources */ = {isa = PBXBuildFile; fileRef = 182D46A8205306B800A4CBD8 /* FarmLensUITests.swift */; };
		184F9AD720613A230086D0F4 /* MockError.swift in Sources */ = {isa = PBXBuildFile; fileRef = 184F9AD620613A230086D0F4 /* MockError.swift */; };
		184F9AD920613B370086D0F4 /* CameraCallbackTest.swift in Sources */ = {isa = PBXBuildFile; fileRef = 184F9AD820613B370086D0F4 /* CameraCallbackTest.swift */; };
		184F9ADB20613EEA0086D0F4 /* MockFlightViewDetailController.swift in Sources */ = {isa = PBXBuildFile; fileRef = 184F9ADA20613EEA0086D0F4 /* MockFlightViewDetailController.swift */; };
		184F9ADD206140EF0086D0F4 /* DroneImageTest.swift in Sources */ = {isa = PBXBuildFile; fileRef = 184F9ADC206140EF0086D0F4 /* DroneImageTest.swift */; };
		184F9ADF206145870086D0F4 /* ImageLoaderTest.swift in Sources */ = {isa = PBXBuildFile; fileRef = 184F9ADE206145870086D0F4 /* ImageLoaderTest.swift */; };
		184F9AE1206149550086D0F4 /* ViewImagesViewControllerTest.swift in Sources */ = {isa = PBXBuildFile; fileRef = 184F9AE0206149550086D0F4 /* ViewImagesViewControllerTest.swift */; };
		187203052050755C00008042 /* ImageTiler.swift in Sources */ = {isa = PBXBuildFile; fileRef = 187203042050755C00008042 /* ImageTiler.swift */; };
		18807769203CB60C006AC0E5 /* ViewImagesViewController.swift in Sources */ = {isa = PBXBuildFile; fileRef = 18807768203CB60C006AC0E5 /* ViewImagesViewController.swift */; };
		1880776D203F0E14006AC0E5 /* FlightPlanning.swift in Sources */ = {isa = PBXBuildFile; fileRef = 1880776C203F0E14006AC0E5 /* FlightPlanning.swift */; };
		188737482073C6BA003EC5E0 /* HealthMapGenerator.swift in Sources */ = {isa = PBXBuildFile; fileRef = 188737472073C6BA003EC5E0 /* HealthMapGenerator.swift */; };
		1887374A2073C738003EC5E0 /* UIImage+pixelData.swift in Sources */ = {isa = PBXBuildFile; fileRef = 188737492073C738003EC5E0 /* UIImage+pixelData.swift */; };
		18C91379205AF46C00DBF615 /* ImageTilerTests.swift in Sources */ = {isa = PBXBuildFile; fileRef = 18C91378205AF46C00DBF615 /* ImageTilerTests.swift */; };
		1E20AD577552318508200727 /* Pods_FieldMapTests.framework in Frameworks */ = {isa = PBXBuildFile; fileRef = 2AE998ACF435AE560AE2C5D4 /* Pods_FieldMapTests.framework */; };
		845E3B9E2174D4B8009A4305 /* FlightCompleteViewController.swift in Sources */ = {isa = PBXBuildFile; fileRef = 845E3B9D2174D4B8009A4305 /* FlightCompleteViewController.swift */; };
		845E3BA02175177F009A4305 /* ImageWithMetadata.xib in Resources */ = {isa = PBXBuildFile; fileRef = 845E3B9F2175177F009A4305 /* ImageWithMetadata.xib */; };
		845E3BA421751940009A4305 /* ImageWithMetadataView.swift in Sources */ = {isa = PBXBuildFile; fileRef = 845E3BA321751940009A4305 /* ImageWithMetadataView.swift */; };
		845E3BA621751C9C009A4305 /* StitchViewerViewController.swift in Sources */ = {isa = PBXBuildFile; fileRef = 845E3BA521751C9C009A4305 /* StitchViewerViewController.swift */; };
		84C94B41216E6FB60089B19B /* NetworkInformation.swift in Sources */ = {isa = PBXBuildFile; fileRef = 84C94B40216E6FB60089B19B /* NetworkInformation.swift */; };
		84C94B43216E80C10089B19B /* StitchRequester.swift in Sources */ = {isa = PBXBuildFile; fileRef = 84C94B42216E80C10089B19B /* StitchRequester.swift */; };
		84DECA6621764484009146F0 /* CustomPhotoAlbum.swift in Sources */ = {isa = PBXBuildFile; fileRef = 84DECA6521764484009146F0 /* CustomPhotoAlbum.swift */; };
		A4DB95A11FEAAD4500F405CA /* AppDelegate.swift in Sources */ = {isa = PBXBuildFile; fileRef = A4DB958F1FEAAD4500F405CA /* AppDelegate.swift */; };
		A4DB95A21FEAAD4500F405CA /* Assets.xcassets in Resources */ = {isa = PBXBuildFile; fileRef = A4DB95901FEAAD4500F405CA /* Assets.xcassets */; };
		A4DB95A41FEAAD4500F405CA /* Main.storyboard in Resources */ = {isa = PBXBuildFile; fileRef = A4DB95931FEAAD4500F405CA /* Main.storyboard */; };
		A4DB95AA1FEAAD4500F405CA /* ProductCommunicationManager.swift in Sources */ = {isa = PBXBuildFile; fileRef = A4DB959D1FEAAD4500F405CA /* ProductCommunicationManager.swift */; };
		A4DB95AB1FEAAD4500F405CA /* StartupViewController.swift in Sources */ = {isa = PBXBuildFile; fileRef = A4DB959E1FEAAD4500F405CA /* StartupViewController.swift */; };
		A4DB95AC1FEAAD4500F405CA /* DJIImageAnnotation.swift in Sources */ = {isa = PBXBuildFile; fileRef = A4DB95A01FEAAD4500F405CA /* DJIImageAnnotation.swift */; };
		FF015AAB204087A80093EA05 /* FlightPlanningTests.swift in Sources */ = {isa = PBXBuildFile; fileRef = FF015AAA204087A80093EA05 /* FlightPlanningTests.swift */; };
		FF162716205026FA008BB642 /* ImageDownloadViewController.swift in Sources */ = {isa = PBXBuildFile; fileRef = FF162715205026FA008BB642 /* ImageDownloadViewController.swift */; };
		FF16271820503CA0008BB642 /* MasterViewController.swift in Sources */ = {isa = PBXBuildFile; fileRef = FF16271720503CA0008BB642 /* MasterViewController.swift */; };
		FF16271A20504C87008BB642 /* FlightViewDetailController.swift in Sources */ = {isa = PBXBuildFile; fileRef = FF16271920504C87008BB642 /* FlightViewDetailController.swift */; };
		FF162720205082E8008BB642 /* ImageLoader.swift in Sources */ = {isa = PBXBuildFile; fileRef = FF16271F205082E8008BB642 /* ImageLoader.swift */; };
		FF4E29E82061385D00564E27 /* UtilsTest.swift in Sources */ = {isa = PBXBuildFile; fileRef = FF4E29E72061385D00564E27 /* UtilsTest.swift */; };
		FF4E29F420613C7400564E27 /* MediaHandlerTest.swift in Sources */ = {isa = PBXBuildFile; fileRef = FF4E29F320613C7400564E27 /* MediaHandlerTest.swift */; };
		FF4E29F620613CBA00564E27 /* MockCamera.swift in Sources */ = {isa = PBXBuildFile; fileRef = FF4E29F520613CBA00564E27 /* MockCamera.swift */; };
		FF4E29F820613D2C00564E27 /* MockMediaManager.swift in Sources */ = {isa = PBXBuildFile; fileRef = FF4E29F720613D2C00564E27 /* MockMediaManager.swift */; };
		FF4FB674205C0CA40033228A /* DJIImageAnnotationTest.swift in Sources */ = {isa = PBXBuildFile; fileRef = FF4FB673205C0CA40033228A /* DJIImageAnnotationTest.swift */; };
		FF4FB677205C0EF90033228A /* MockMGLStyle.swift in Sources */ = {isa = PBXBuildFile; fileRef = FF4FB676205C0EF90033228A /* MockMGLStyle.swift */; };
		FF4FB67B205C12C80033228A /* StartupViewControllerTest.swift in Sources */ = {isa = PBXBuildFile; fileRef = FF4FB67A205C12C80033228A /* StartupViewControllerTest.swift */; };
		FF4FB67F205C36250033228A /* FlightViewDetailControllerTest.swift in Sources */ = {isa = PBXBuildFile; fileRef = FF4FB67E205C36250033228A /* FlightViewDetailControllerTest.swift */; };
		FF97633F206024260009B830 /* DroneImage.swift in Sources */ = {isa = PBXBuildFile; fileRef = FF97633E206024260009B830 /* DroneImage.swift */; };
		FF976344206039910009B830 /* MediaHandler.swift in Sources */ = {isa = PBXBuildFile; fileRef = FF976343206039910009B830 /* MediaHandler.swift */; };
		FF976347206040AD0009B830 /* Utils.swift in Sources */ = {isa = PBXBuildFile; fileRef = FF976346206040AD0009B830 /* Utils.swift */; };
		FF976349206041960009B830 /* CameraCallback.swift in Sources */ = {isa = PBXBuildFile; fileRef = FF976348206041960009B830 /* CameraCallback.swift */; };
		FF97634B2060432F0009B830 /* InitialCameraCallback.swift in Sources */ = {isa = PBXBuildFile; fileRef = FF97634A2060432F0009B830 /* InitialCameraCallback.swift */; };
		FFDB436C203DCAFD00E8D0F4 /* MapKit.framework in Frameworks */ = {isa = PBXBuildFile; fileRef = FFDB436B203DCAFD00E8D0F4 /* MapKit.framework */; };
/* End PBXBuildFile section */

/* Begin PBXContainerItemProxy section */
		182D46AB205306B800A4CBD8 /* PBXContainerItemProxy */ = {
			isa = PBXContainerItemProxy;
			containerPortal = 86985CC11E834EC200577EC7 /* Project object */;
			proxyType = 1;
			remoteGlobalIDString = 86985CC81E834EC200577EC7;
			remoteInfo = FarmLens;
		};
		FF015AA3204087170093EA05 /* PBXContainerItemProxy */ = {
			isa = PBXContainerItemProxy;
			containerPortal = 86985CC11E834EC200577EC7 /* Project object */;
			proxyType = 1;
			remoteGlobalIDString = 86985CC81E834EC200577EC7;
			remoteInfo = FarmLens;
		};
/* End PBXContainerItemProxy section */

/* Begin PBXCopyFilesBuildPhase section */
		86985DA41E8356C600577EC7 /* Embed Frameworks */ = {
			isa = PBXCopyFilesBuildPhase;
			buildActionMask = 2147483647;
			dstPath = "";
			dstSubfolderSpec = 10;
			files = (
			);
			name = "Embed Frameworks";
			runOnlyForDeploymentPostprocessing = 0;
		};
/* End PBXCopyFilesBuildPhase section */

/* Begin PBXFileReference section */
		0B82C9412C8877C8918EF3B1 /* Pods-FieldMap.release.xcconfig */ = {isa = PBXFileReference; includeInIndex = 1; lastKnownFileType = text.xcconfig; name = "Pods-FieldMap.release.xcconfig"; path = "Pods/Target Support Files/Pods-FieldMap/Pods-FieldMap.release.xcconfig"; sourceTree = "<group>"; };
		182D46A6205306B800A4CBD8 /* FieldMapUITests.xctest */ = {isa = PBXFileReference; explicitFileType = wrapper.cfbundle; includeInIndex = 0; path = FieldMapUITests.xctest; sourceTree = BUILT_PRODUCTS_DIR; };
		182D46A8205306B800A4CBD8 /* FarmLensUITests.swift */ = {isa = PBXFileReference; lastKnownFileType = sourcecode.swift; path = FarmLensUITests.swift; sourceTree = "<group>"; };
		182D46AA205306B800A4CBD8 /* Info.plist */ = {isa = PBXFileReference; lastKnownFileType = text.plist.xml; path = Info.plist; sourceTree = "<group>"; };
		18348DE1203CB11F00842DE9 /* FieldMap.app */ = {isa = PBXFileReference; explicitFileType = wrapper.application; includeInIndex = 0; path = FieldMap.app; sourceTree = BUILT_PRODUCTS_DIR; };
		184F9AD620613A230086D0F4 /* MockError.swift */ = {isa = PBXFileReference; lastKnownFileType = sourcecode.swift; path = MockError.swift; sourceTree = "<group>"; };
		184F9AD820613B370086D0F4 /* CameraCallbackTest.swift */ = {isa = PBXFileReference; fileEncoding = 4; lastKnownFileType = sourcecode.swift; path = CameraCallbackTest.swift; sourceTree = "<group>"; };
		184F9ADA20613EEA0086D0F4 /* MockFlightViewDetailController.swift */ = {isa = PBXFileReference; lastKnownFileType = sourcecode.swift; path = MockFlightViewDetailController.swift; sourceTree = "<group>"; };
		184F9ADC206140EF0086D0F4 /* DroneImageTest.swift */ = {isa = PBXFileReference; lastKnownFileType = sourcecode.swift; path = DroneImageTest.swift; sourceTree = "<group>"; };
		184F9ADE206145870086D0F4 /* ImageLoaderTest.swift */ = {isa = PBXFileReference; lastKnownFileType = sourcecode.swift; path = ImageLoaderTest.swift; sourceTree = "<group>"; };
		184F9AE0206149550086D0F4 /* ViewImagesViewControllerTest.swift */ = {isa = PBXFileReference; lastKnownFileType = sourcecode.swift; path = ViewImagesViewControllerTest.swift; sourceTree = "<group>"; };
		187203042050755C00008042 /* ImageTiler.swift */ = {isa = PBXFileReference; fileEncoding = 4; lastKnownFileType = sourcecode.swift; path = ImageTiler.swift; sourceTree = "<group>"; };
		18807768203CB60C006AC0E5 /* ViewImagesViewController.swift */ = {isa = PBXFileReference; lastKnownFileType = sourcecode.swift; path = ViewImagesViewController.swift; sourceTree = "<group>"; };
		1880776C203F0E14006AC0E5 /* FlightPlanning.swift */ = {isa = PBXFileReference; lastKnownFileType = sourcecode.swift; path = FlightPlanning.swift; sourceTree = "<group>"; };
		188737472073C6BA003EC5E0 /* HealthMapGenerator.swift */ = {isa = PBXFileReference; lastKnownFileType = sourcecode.swift; path = HealthMapGenerator.swift; sourceTree = "<group>"; };
		188737492073C738003EC5E0 /* UIImage+pixelData.swift */ = {isa = PBXFileReference; lastKnownFileType = sourcecode.swift; path = "UIImage+pixelData.swift"; sourceTree = "<group>"; };
		18C91378205AF46C00DBF615 /* ImageTilerTests.swift */ = {isa = PBXFileReference; lastKnownFileType = sourcecode.swift; path = ImageTilerTests.swift; sourceTree = "<group>"; };
		2AE998ACF435AE560AE2C5D4 /* Pods_FieldMapTests.framework */ = {isa = PBXFileReference; explicitFileType = wrapper.framework; includeInIndex = 0; path = Pods_FieldMapTests.framework; sourceTree = BUILT_PRODUCTS_DIR; };
		4258DD167889BCDAF324F9D9 /* Pods-FarmLens.release.xcconfig */ = {isa = PBXFileReference; includeInIndex = 1; lastKnownFileType = text.xcconfig; name = "Pods-FarmLens.release.xcconfig"; path = "Pods/Target Support Files/Pods-FarmLens/Pods-FarmLens.release.xcconfig"; sourceTree = "<group>"; };
		4FB006688C1189D3A894C27F /* Pods_FieldMap.framework */ = {isa = PBXFileReference; explicitFileType = wrapper.framework; includeInIndex = 0; path = Pods_FieldMap.framework; sourceTree = BUILT_PRODUCTS_DIR; };
		845E3B9D2174D4B8009A4305 /* FlightCompleteViewController.swift */ = {isa = PBXFileReference; lastKnownFileType = sourcecode.swift; path = FlightCompleteViewController.swift; sourceTree = "<group>"; };
		845E3B9F2175177F009A4305 /* ImageWithMetadata.xib */ = {isa = PBXFileReference; lastKnownFileType = file.xib; path = ImageWithMetadata.xib; sourceTree = "<group>"; };
		845E3BA321751940009A4305 /* ImageWithMetadataView.swift */ = {isa = PBXFileReference; lastKnownFileType = sourcecode.swift; path = ImageWithMetadataView.swift; sourceTree = "<group>"; };
		845E3BA521751C9C009A4305 /* StitchViewerViewController.swift */ = {isa = PBXFileReference; lastKnownFileType = sourcecode.swift; path = StitchViewerViewController.swift; sourceTree = "<group>"; };
		84C94B40216E6FB60089B19B /* NetworkInformation.swift */ = {isa = PBXFileReference; lastKnownFileType = sourcecode.swift; path = NetworkInformation.swift; sourceTree = "<group>"; };
		84C94B42216E80C10089B19B /* StitchRequester.swift */ = {isa = PBXFileReference; lastKnownFileType = sourcecode.swift; path = StitchRequester.swift; sourceTree = "<group>"; };
		84DECA6521764484009146F0 /* CustomPhotoAlbum.swift */ = {isa = PBXFileReference; lastKnownFileType = sourcecode.swift; path = CustomPhotoAlbum.swift; sourceTree = "<group>"; };
		A4DB958F1FEAAD4500F405CA /* AppDelegate.swift */ = {isa = PBXFileReference; fileEncoding = 4; lastKnownFileType = sourcecode.swift; path = AppDelegate.swift; sourceTree = "<group>"; };
		A4DB95901FEAAD4500F405CA /* Assets.xcassets */ = {isa = PBXFileReference; lastKnownFileType = folder.assetcatalog; path = Assets.xcassets; sourceTree = "<group>"; };
		A4DB95941FEAAD4500F405CA /* Base */ = {isa = PBXFileReference; lastKnownFileType = file.storyboard; name = Base; path = Base.lproj/Main.storyboard; sourceTree = "<group>"; };
		A4DB95961FEAAD4500F405CA /* Info.plist */ = {isa = PBXFileReference; fileEncoding = 4; lastKnownFileType = text.plist.xml; path = Info.plist; sourceTree = "<group>"; };
		A4DB959D1FEAAD4500F405CA /* ProductCommunicationManager.swift */ = {isa = PBXFileReference; fileEncoding = 4; lastKnownFileType = sourcecode.swift; path = ProductCommunicationManager.swift; sourceTree = "<group>"; };
		A4DB959E1FEAAD4500F405CA /* StartupViewController.swift */ = {isa = PBXFileReference; fileEncoding = 4; lastKnownFileType = sourcecode.swift; path = StartupViewController.swift; sourceTree = "<group>"; };
		A4DB95A01FEAAD4500F405CA /* DJIImageAnnotation.swift */ = {isa = PBXFileReference; fileEncoding = 4; lastKnownFileType = sourcecode.swift; path = DJIImageAnnotation.swift; sourceTree = "<group>"; };
		ADE01D6D767F189E5880CDB5 /* Pods-FarmLensTests.debug.xcconfig */ = {isa = PBXFileReference; includeInIndex = 1; lastKnownFileType = text.xcconfig; name = "Pods-FarmLensTests.debug.xcconfig"; path = "Pods/Target Support Files/Pods-FarmLensTests/Pods-FarmLensTests.debug.xcconfig"; sourceTree = "<group>"; };
		B5F94193FB9ADC2507E57B3A /* Pods-FieldMapTests.debug.xcconfig */ = {isa = PBXFileReference; includeInIndex = 1; lastKnownFileType = text.xcconfig; name = "Pods-FieldMapTests.debug.xcconfig"; path = "Pods/Target Support Files/Pods-FieldMapTests/Pods-FieldMapTests.debug.xcconfig"; sourceTree = "<group>"; };
		DDAC559741FA50DC8C0C0E23 /* Pods-FieldMap.debug.xcconfig */ = {isa = PBXFileReference; includeInIndex = 1; lastKnownFileType = text.xcconfig; name = "Pods-FieldMap.debug.xcconfig"; path = "Pods/Target Support Files/Pods-FieldMap/Pods-FieldMap.debug.xcconfig"; sourceTree = "<group>"; };
		E600EED4654AA3CC4067F72E /* Pods-FieldMapTests.release.xcconfig */ = {isa = PBXFileReference; includeInIndex = 1; lastKnownFileType = text.xcconfig; name = "Pods-FieldMapTests.release.xcconfig"; path = "Pods/Target Support Files/Pods-FieldMapTests/Pods-FieldMapTests.release.xcconfig"; sourceTree = "<group>"; };
		F68ABCB1DC8759904A820171 /* Pods-FarmLensTests.release.xcconfig */ = {isa = PBXFileReference; includeInIndex = 1; lastKnownFileType = text.xcconfig; name = "Pods-FarmLensTests.release.xcconfig"; path = "Pods/Target Support Files/Pods-FarmLensTests/Pods-FarmLensTests.release.xcconfig"; sourceTree = "<group>"; };
		F7607896866020F85381F3C2 /* Pods-FarmLens.debug.xcconfig */ = {isa = PBXFileReference; includeInIndex = 1; lastKnownFileType = text.xcconfig; name = "Pods-FarmLens.debug.xcconfig"; path = "Pods/Target Support Files/Pods-FarmLens/Pods-FarmLens.debug.xcconfig"; sourceTree = "<group>"; };
		FF015AA2204087170093EA05 /* Info.plist */ = {isa = PBXFileReference; lastKnownFileType = text.plist.xml; path = Info.plist; sourceTree = "<group>"; };
		FF015AAA204087A80093EA05 /* FlightPlanningTests.swift */ = {isa = PBXFileReference; lastKnownFileType = sourcecode.swift; path = FlightPlanningTests.swift; sourceTree = "<group>"; };
		FF162715205026FA008BB642 /* ImageDownloadViewController.swift */ = {isa = PBXFileReference; lastKnownFileType = sourcecode.swift; path = ImageDownloadViewController.swift; sourceTree = "<group>"; };
		FF16271720503CA0008BB642 /* MasterViewController.swift */ = {isa = PBXFileReference; lastKnownFileType = sourcecode.swift; path = MasterViewController.swift; sourceTree = "<group>"; };
		FF16271920504C87008BB642 /* FlightViewDetailController.swift */ = {isa = PBXFileReference; lastKnownFileType = sourcecode.swift; path = FlightViewDetailController.swift; sourceTree = "<group>"; };
		FF16271F205082E8008BB642 /* ImageLoader.swift */ = {isa = PBXFileReference; lastKnownFileType = sourcecode.swift; path = ImageLoader.swift; sourceTree = "<group>"; };
		FF4E29E72061385D00564E27 /* UtilsTest.swift */ = {isa = PBXFileReference; lastKnownFileType = sourcecode.swift; path = UtilsTest.swift; sourceTree = "<group>"; };
		FF4E29F320613C7400564E27 /* MediaHandlerTest.swift */ = {isa = PBXFileReference; lastKnownFileType = sourcecode.swift; path = MediaHandlerTest.swift; sourceTree = "<group>"; };
		FF4E29F520613CBA00564E27 /* MockCamera.swift */ = {isa = PBXFileReference; lastKnownFileType = sourcecode.swift; path = MockCamera.swift; sourceTree = "<group>"; };
		FF4E29F720613D2C00564E27 /* MockMediaManager.swift */ = {isa = PBXFileReference; lastKnownFileType = sourcecode.swift; path = MockMediaManager.swift; sourceTree = "<group>"; };
		FF4FB673205C0CA40033228A /* DJIImageAnnotationTest.swift */ = {isa = PBXFileReference; lastKnownFileType = sourcecode.swift; path = DJIImageAnnotationTest.swift; sourceTree = "<group>"; };
		FF4FB676205C0EF90033228A /* MockMGLStyle.swift */ = {isa = PBXFileReference; lastKnownFileType = sourcecode.swift; path = MockMGLStyle.swift; sourceTree = "<group>"; };
		FF4FB67A205C12C80033228A /* StartupViewControllerTest.swift */ = {isa = PBXFileReference; lastKnownFileType = sourcecode.swift; path = StartupViewControllerTest.swift; sourceTree = "<group>"; };
		FF4FB67E205C36250033228A /* FlightViewDetailControllerTest.swift */ = {isa = PBXFileReference; lastKnownFileType = sourcecode.swift; path = FlightViewDetailControllerTest.swift; sourceTree = "<group>"; };
		FF630A9D204EE7C700D7DE52 /* FieldMapTests.xctest */ = {isa = PBXFileReference; explicitFileType = wrapper.cfbundle; includeInIndex = 0; path = FieldMapTests.xctest; sourceTree = BUILT_PRODUCTS_DIR; };
		FF97633E206024260009B830 /* DroneImage.swift */ = {isa = PBXFileReference; lastKnownFileType = sourcecode.swift; path = DroneImage.swift; sourceTree = "<group>"; };
		FF976343206039910009B830 /* MediaHandler.swift */ = {isa = PBXFileReference; lastKnownFileType = sourcecode.swift; path = MediaHandler.swift; sourceTree = "<group>"; };
		FF976346206040AD0009B830 /* Utils.swift */ = {isa = PBXFileReference; lastKnownFileType = sourcecode.swift; path = Utils.swift; sourceTree = "<group>"; };
		FF976348206041960009B830 /* CameraCallback.swift */ = {isa = PBXFileReference; lastKnownFileType = sourcecode.swift; path = CameraCallback.swift; sourceTree = "<group>"; };
		FF97634A2060432F0009B830 /* InitialCameraCallback.swift */ = {isa = PBXFileReference; lastKnownFileType = sourcecode.swift; path = InitialCameraCallback.swift; sourceTree = "<group>"; };
		FFDB436B203DCAFD00E8D0F4 /* MapKit.framework */ = {isa = PBXFileReference; lastKnownFileType = wrapper.framework; name = MapKit.framework; path = System/Library/Frameworks/MapKit.framework; sourceTree = SDKROOT; };
/* End PBXFileReference section */

/* Begin PBXFrameworksBuildPhase section */
		182D46A3205306B800A4CBD8 /* Frameworks */ = {
			isa = PBXFrameworksBuildPhase;
			buildActionMask = 2147483647;
			files = (
			);
			runOnlyForDeploymentPostprocessing = 0;
		};
		86985CC61E834EC200577EC7 /* Frameworks */ = {
			isa = PBXFrameworksBuildPhase;
			buildActionMask = 2147483647;
			files = (
				FFDB436C203DCAFD00E8D0F4 /* MapKit.framework in Frameworks */,
				15218CE2DDAFA5503F4B1688 /* Pods_FieldMap.framework in Frameworks */,
			);
			runOnlyForDeploymentPostprocessing = 0;
		};
		FF015A9B204087170093EA05 /* Frameworks */ = {
			isa = PBXFrameworksBuildPhase;
			buildActionMask = 2147483647;
			files = (
				1E20AD577552318508200727 /* Pods_FieldMapTests.framework in Frameworks */,
			);
			runOnlyForDeploymentPostprocessing = 0;
		};
/* End PBXFrameworksBuildPhase section */

/* Begin PBXGroup section */
		0B6F263FBC093B7B6FB6EF51 /* Frameworks */ = {
			isa = PBXGroup;
			children = (
				FFDB436B203DCAFD00E8D0F4 /* MapKit.framework */,
				4FB006688C1189D3A894C27F /* Pods_FieldMap.framework */,
				2AE998ACF435AE560AE2C5D4 /* Pods_FieldMapTests.framework */,
			);
			name = Frameworks;
			sourceTree = "<group>";
		};
		182D46A7205306B800A4CBD8 /* FieldMapUITests */ = {
			isa = PBXGroup;
			children = (
				182D46A8205306B800A4CBD8 /* FarmLensUITests.swift */,
				182D46AA205306B800A4CBD8 /* Info.plist */,
			);
			path = FieldMapUITests;
			sourceTree = "<group>";
		};
		1880776E203F1450006AC0E5 /* Services */ = {
			isa = PBXGroup;
			children = (
				188737462073C698003EC5E0 /* HealthMapGenerator */,
				18BDBCFB20360FD900CD1D59 /* Connection */,
				1880776F203F1460006AC0E5 /* FlightPlanning */,
				FF976345206040A20009B830 /* General */,
				18BDBCFC20360FE900CD1D59 /* Image */,
			);
			path = Services;
			sourceTree = "<group>";
		};
		1880776F203F1460006AC0E5 /* FlightPlanning */ = {
			isa = PBXGroup;
			children = (
				1880776C203F0E14006AC0E5 /* FlightPlanning.swift */,
			);
			path = FlightPlanning;
			sourceTree = "<group>";
		};
		188737462073C698003EC5E0 /* HealthMapGenerator */ = {
			isa = PBXGroup;
			children = (
				188737472073C6BA003EC5E0 /* HealthMapGenerator.swift */,
				188737492073C738003EC5E0 /* UIImage+pixelData.swift */,
			);
			path = HealthMapGenerator;
			sourceTree = "<group>";
		};
		18BDBCF820360FA700CD1D59 /* App */ = {
			isa = PBXGroup;
			children = (
				A4DB958F1FEAAD4500F405CA /* AppDelegate.swift */,
			);
			path = App;
			sourceTree = "<group>";
		};
		18BDBCF920360FAE00CD1D59 /* View */ = {
			isa = PBXGroup;
			children = (
				A4DB95931FEAAD4500F405CA /* Main.storyboard */,
				845E3B9F2175177F009A4305 /* ImageWithMetadata.xib */,
				845E3BA321751940009A4305 /* ImageWithMetadataView.swift */,
			);
			path = View;
			sourceTree = "<group>";
		};
		18BDBCFA20360FBC00CD1D59 /* ViewControllers */ = {
			isa = PBXGroup;
			children = (
				FF16271920504C87008BB642 /* FlightViewDetailController.swift */,
				FF162715205026FA008BB642 /* ImageDownloadViewController.swift */,
				FF16271720503CA0008BB642 /* MasterViewController.swift */,
				18807768203CB60C006AC0E5 /* ViewImagesViewController.swift */,
				A4DB959E1FEAAD4500F405CA /* StartupViewController.swift */,
				845E3B9D2174D4B8009A4305 /* FlightCompleteViewController.swift */,
				845E3BA521751C9C009A4305 /* StitchViewerViewController.swift */,
			);
			path = ViewControllers;
			sourceTree = "<group>";
		};
		18BDBCFB20360FD900CD1D59 /* Connection */ = {
			isa = PBXGroup;
			children = (
				A4DB959D1FEAAD4500F405CA /* ProductCommunicationManager.swift */,
			);
			path = Connection;
			sourceTree = "<group>";
		};
		18BDBCFC20360FE900CD1D59 /* Image */ = {
			isa = PBXGroup;
			children = (
				FF976348206041960009B830 /* CameraCallback.swift */,
				FF16271F205082E8008BB642 /* ImageLoader.swift */,
				187203042050755C00008042 /* ImageTiler.swift */,
				FF97634A2060432F0009B830 /* InitialCameraCallback.swift */,
				FF976343206039910009B830 /* MediaHandler.swift */,
				84DECA6521764484009146F0 /* CustomPhotoAlbum.swift */,
			);
			path = Image;
			sourceTree = "<group>";
		};
		86985CC01E834EC200577EC7 = {
			isa = PBXGroup;
			children = (
				A4DB958E1FEAAD4500F405CA /* FieldMap */,
				C0C7419B2667BCEE0BB6C689 /* Pods */,
				FF015A9F204087170093EA05 /* FieldMapTests */,
				182D46A7205306B800A4CBD8 /* FieldMapUITests */,
				0B6F263FBC093B7B6FB6EF51 /* Frameworks */,
				18348DE1203CB11F00842DE9 /* FieldMap.app */,
				FF630A9D204EE7C700D7DE52 /* FieldMapTests.xctest */,
				182D46A6205306B800A4CBD8 /* FieldMapUITests.xctest */,
			);
			sourceTree = "<group>";
		};
		A4DB958E1FEAAD4500F405CA /* FieldMap */ = {
			isa = PBXGroup;
			children = (
				18BDBCF820360FA700CD1D59 /* App */,
				18BDBCF920360FAE00CD1D59 /* View */,
				18BDBCFA20360FBC00CD1D59 /* ViewControllers */,
				1880776E203F1450006AC0E5 /* Services */,
				FF97634220602E3F0009B830 /* Models */,
				A4DB95901FEAAD4500F405CA /* Assets.xcassets */,
				A4DB95961FEAAD4500F405CA /* Info.plist */,
			);
			path = FieldMap;
			sourceTree = "<group>";
		};
		C0C7419B2667BCEE0BB6C689 /* Pods */ = {
			isa = PBXGroup;
			children = (
				F7607896866020F85381F3C2 /* Pods-FarmLens.debug.xcconfig */,
				4258DD167889BCDAF324F9D9 /* Pods-FarmLens.release.xcconfig */,
				ADE01D6D767F189E5880CDB5 /* Pods-FarmLensTests.debug.xcconfig */,
				F68ABCB1DC8759904A820171 /* Pods-FarmLensTests.release.xcconfig */,
				DDAC559741FA50DC8C0C0E23 /* Pods-FieldMap.debug.xcconfig */,
				0B82C9412C8877C8918EF3B1 /* Pods-FieldMap.release.xcconfig */,
				B5F94193FB9ADC2507E57B3A /* Pods-FieldMapTests.debug.xcconfig */,
				E600EED4654AA3CC4067F72E /* Pods-FieldMapTests.release.xcconfig */,
			);
			name = Pods;
			sourceTree = "<group>";
		};
		FF015A9F204087170093EA05 /* FieldMapTests */ = {
			isa = PBXGroup;
			children = (
				FF4E29EA206138DE00564E27 /* Services */,
				FF4FB675205C0EE80033228A /* Mocks */,
				FF4E29E9206138CC00564E27 /* Models */,
				FF4E29EE2061392500564E27 /* ViewControllers */,
				FF015AA2204087170093EA05 /* Info.plist */,
			);
			path = FieldMapTests;
			sourceTree = "<group>";
		};
		FF4E29E9206138CC00564E27 /* Models */ = {
			isa = PBXGroup;
			children = (
				FF4FB673205C0CA40033228A /* DJIImageAnnotationTest.swift */,
				184F9ADC206140EF0086D0F4 /* DroneImageTest.swift */,
			);
			path = Models;
			sourceTree = "<group>";
		};
		FF4E29EA206138DE00564E27 /* Services */ = {
			isa = PBXGroup;
			children = (
				FF4E29EC206138F200564E27 /* FlightPlanning */,
				FF4E29EB206138E400564E27 /* General */,
				FF4E29ED2061390900564E27 /* Image */,
			);
			path = Services;
			sourceTree = "<group>";
		};
		FF4E29EB206138E400564E27 /* General */ = {
			isa = PBXGroup;
			children = (
				FF4E29E72061385D00564E27 /* UtilsTest.swift */,
			);
			path = General;
			sourceTree = "<group>";
		};
		FF4E29EC206138F200564E27 /* FlightPlanning */ = {
			isa = PBXGroup;
			children = (
				FF015AAA204087A80093EA05 /* FlightPlanningTests.swift */,
			);
			path = FlightPlanning;
			sourceTree = "<group>";
		};
		FF4E29ED2061390900564E27 /* Image */ = {
			isa = PBXGroup;
			children = (
				184F9AD820613B370086D0F4 /* CameraCallbackTest.swift */,
				18C91378205AF46C00DBF615 /* ImageTilerTests.swift */,
				FF4E29F320613C7400564E27 /* MediaHandlerTest.swift */,
				184F9ADE206145870086D0F4 /* ImageLoaderTest.swift */,
			);
			path = Image;
			sourceTree = "<group>";
		};
		FF4E29EE2061392500564E27 /* ViewControllers */ = {
			isa = PBXGroup;
			children = (
				FF4FB67E205C36250033228A /* FlightViewDetailControllerTest.swift */,
				FF4FB67A205C12C80033228A /* StartupViewControllerTest.swift */,
				184F9AE0206149550086D0F4 /* ViewImagesViewControllerTest.swift */,
			);
			path = ViewControllers;
			sourceTree = "<group>";
		};
		FF4FB675205C0EE80033228A /* Mocks */ = {
			isa = PBXGroup;
			children = (
				FF4FB676205C0EF90033228A /* MockMGLStyle.swift */,
				FF4E29F520613CBA00564E27 /* MockCamera.swift */,
				FF4E29F720613D2C00564E27 /* MockMediaManager.swift */,
				184F9AD620613A230086D0F4 /* MockError.swift */,
				184F9ADA20613EEA0086D0F4 /* MockFlightViewDetailController.swift */,
			);
			path = Mocks;
			sourceTree = "<group>";
		};
		FF97634220602E3F0009B830 /* Models */ = {
			isa = PBXGroup;
			children = (
				FF97633E206024260009B830 /* DroneImage.swift */,
				A4DB95A01FEAAD4500F405CA /* DJIImageAnnotation.swift */,
				84C94B40216E6FB60089B19B /* NetworkInformation.swift */,
			);
			path = Models;
			sourceTree = "<group>";
		};
		FF976345206040A20009B830 /* General */ = {
			isa = PBXGroup;
			children = (
				FF976346206040AD0009B830 /* Utils.swift */,
				84C94B42216E80C10089B19B /* StitchRequester.swift */,
			);
			path = General;
			sourceTree = "<group>";
		};
/* End PBXGroup section */

/* Begin PBXNativeTarget section */
		182D46A5205306B800A4CBD8 /* FieldMapUITests */ = {
			isa = PBXNativeTarget;
			buildConfigurationList = 182D46AF205306B800A4CBD8 /* Build configuration list for PBXNativeTarget "FieldMapUITests" */;
			buildPhases = (
				182D46A2205306B800A4CBD8 /* Sources */,
				182D46A3205306B800A4CBD8 /* Frameworks */,
				182D46A4205306B800A4CBD8 /* Resources */,
			);
			buildRules = (
			);
			dependencies = (
				182D46AC205306B800A4CBD8 /* PBXTargetDependency */,
			);
			name = FieldMapUITests;
			productName = FarmLensUITests;
			productReference = 182D46A6205306B800A4CBD8 /* FieldMapUITests.xctest */;
			productType = "com.apple.product-type.bundle.ui-testing";
		};
		86985CC81E834EC200577EC7 /* FieldMap */ = {
			isa = PBXNativeTarget;
			buildConfigurationList = 86985CDD1E834EC200577EC7 /* Build configuration list for PBXNativeTarget "FieldMap" */;
			buildPhases = (
				A23089ACBCAB63BE42DAD2F1 /* [CP] Check Pods Manifest.lock */,
				86985CC51E834EC200577EC7 /* Sources */,
				86985CC61E834EC200577EC7 /* Frameworks */,
				86985CC71E834EC200577EC7 /* Resources */,
				86985DA41E8356C600577EC7 /* Embed Frameworks */,
				8A68B323F021A127CDC7173C /* [CP] Embed Pods Frameworks */,
				1865A74B206934E2008C755C /* ShellScript */,
			);
			buildRules = (
			);
			dependencies = (
			);
			name = FieldMap;
			productName = "SDK Swift Sample";
			productReference = 18348DE1203CB11F00842DE9 /* FieldMap.app */;
			productType = "com.apple.product-type.application";
		};
		FF015A9D204087170093EA05 /* FieldMapTests */ = {
			isa = PBXNativeTarget;
			buildConfigurationList = FF015AA7204087170093EA05 /* Build configuration list for PBXNativeTarget "FieldMapTests" */;
			buildPhases = (
				E0375D33C16907B4B66679BC /* [CP] Check Pods Manifest.lock */,
				FF015A9A204087170093EA05 /* Sources */,
				FF015A9B204087170093EA05 /* Frameworks */,
				FF015A9C204087170093EA05 /* Resources */,
			);
			buildRules = (
			);
			dependencies = (
				FF015AA4204087170093EA05 /* PBXTargetDependency */,
			);
			name = FieldMapTests;
			productName = FarmLensTests;
			productReference = FF630A9D204EE7C700D7DE52 /* FieldMapTests.xctest */;
			productType = "com.apple.product-type.bundle.unit-test";
		};
/* End PBXNativeTarget section */

/* Begin PBXProject section */
		86985CC11E834EC200577EC7 /* Project object */ = {
			isa = PBXProject;
			attributes = {
				LastSwiftUpdateCheck = 0920;
				LastUpgradeCheck = 0920;
				ORGANIZATIONNAME = DJI;
				TargetAttributes = {
					182D46A5205306B800A4CBD8 = {
						CreatedOnToolsVersion = 9.2;
						DevelopmentTeam = 3YP4TRQZ6K;
						LastSwiftMigration = 0920;
						ProvisioningStyle = Automatic;
						TestTargetID = 86985CC81E834EC200577EC7;
					};
					86985CC81E834EC200577EC7 = {
						CreatedOnToolsVersion = 8.2.1;
						DevelopmentTeam = DYG5XF554D;
						LastSwiftMigration = 0920;
						ProvisioningStyle = Manual;
						SystemCapabilities = {
							com.apple.Maps.iOS = {
								enabled = 1;
							};
						};
					};
					FF015A9D204087170093EA05 = {
						CreatedOnToolsVersion = 9.2;
						DevelopmentTeam = DYG5XF554D;
						ProvisioningStyle = Automatic;
						TestTargetID = 86985CC81E834EC200577EC7;
					};
				};
			};
			buildConfigurationList = 86985CC41E834EC200577EC7 /* Build configuration list for PBXProject "FieldMap" */;
			compatibilityVersion = "Xcode 3.2";
			developmentRegion = English;
			hasScannedForEncodings = 0;
			knownRegions = (
				en,
				Base,
			);
			mainGroup = 86985CC01E834EC200577EC7;
			productRefGroup = 86985CC01E834EC200577EC7;
			projectDirPath = "";
			projectRoot = "";
			targets = (
				86985CC81E834EC200577EC7 /* FieldMap */,
				FF015A9D204087170093EA05 /* FieldMapTests */,
				182D46A5205306B800A4CBD8 /* FieldMapUITests */,
			);
		};
/* End PBXProject section */

/* Begin PBXResourcesBuildPhase section */
		182D46A4205306B800A4CBD8 /* Resources */ = {
			isa = PBXResourcesBuildPhase;
			buildActionMask = 2147483647;
			files = (
			);
			runOnlyForDeploymentPostprocessing = 0;
		};
		86985CC71E834EC200577EC7 /* Resources */ = {
			isa = PBXResourcesBuildPhase;
			buildActionMask = 2147483647;
			files = (
				A4DB95A41FEAAD4500F405CA /* Main.storyboard in Resources */,
				A4DB95A21FEAAD4500F405CA /* Assets.xcassets in Resources */,
				845E3BA02175177F009A4305 /* ImageWithMetadata.xib in Resources */,
			);
			runOnlyForDeploymentPostprocessing = 0;
		};
		FF015A9C204087170093EA05 /* Resources */ = {
			isa = PBXResourcesBuildPhase;
			buildActionMask = 2147483647;
			files = (
			);
			runOnlyForDeploymentPostprocessing = 0;
		};
/* End PBXResourcesBuildPhase section */

/* Begin PBXShellScriptBuildPhase section */
		1865A74B206934E2008C755C /* ShellScript */ = {
			isa = PBXShellScriptBuildPhase;
			buildActionMask = 2147483647;
			files = (
			);
			inputPaths = (
			);
			outputPaths = (
			);
			runOnlyForDeploymentPostprocessing = 0;
			shellPath = /bin/sh;
			shellScript = "\"${PODS_ROOT}/Fabric/run\" 787bd563b901e2be66e2219e37c8989c3f48dc5a 0e9f0c050f74f380ed87237be5a10534dbf81191358282b65ade2049084bc6fa";
		};
		8A68B323F021A127CDC7173C /* [CP] Embed Pods Frameworks */ = {
			isa = PBXShellScriptBuildPhase;
			buildActionMask = 2147483647;
			files = (
			);
			inputPaths = (
				"${SRCROOT}/Pods/Target Support Files/Pods-FieldMap/Pods-FieldMap-frameworks.sh",
				"${BUILT_PRODUCTS_DIR}/Alamofire/Alamofire.framework",
				"${PODS_ROOT}/DJI-SDK-iOS/iOS_Mobile_SDK/DJISDK.framework",
				"${PODS_ROOT}/Mapbox-iOS-SDK/dynamic/Mapbox.framework",
				"${PODS_ROOT}/Mapbox-iOS-SDK/dynamic/Mapbox.framework.dSYM",
				"${BUILT_PRODUCTS_DIR}/Surge/Surge.framework",
			);
			name = "[CP] Embed Pods Frameworks";
			outputPaths = (
				"${TARGET_BUILD_DIR}/${FRAMEWORKS_FOLDER_PATH}/Alamofire.framework",
				"${TARGET_BUILD_DIR}/${FRAMEWORKS_FOLDER_PATH}/DJISDK.framework",
				"${TARGET_BUILD_DIR}/${FRAMEWORKS_FOLDER_PATH}/Mapbox.framework",
				"${DWARF_DSYM_FOLDER_PATH}/Mapbox.framework.dSYM",
				"${TARGET_BUILD_DIR}/${FRAMEWORKS_FOLDER_PATH}/Surge.framework",
			);
			runOnlyForDeploymentPostprocessing = 0;
			shellPath = /bin/sh;
			shellScript = "\"${SRCROOT}/Pods/Target Support Files/Pods-FieldMap/Pods-FieldMap-frameworks.sh\"\n";
			showEnvVarsInLog = 0;
		};
		A23089ACBCAB63BE42DAD2F1 /* [CP] Check Pods Manifest.lock */ = {
			isa = PBXShellScriptBuildPhase;
			buildActionMask = 2147483647;
			files = (
			);
			inputPaths = (
				"${PODS_PODFILE_DIR_PATH}/Podfile.lock",
				"${PODS_ROOT}/Manifest.lock",
			);
			name = "[CP] Check Pods Manifest.lock";
			outputPaths = (
				"$(DERIVED_FILE_DIR)/Pods-FieldMap-checkManifestLockResult.txt",
			);
			runOnlyForDeploymentPostprocessing = 0;
			shellPath = /bin/sh;
			shellScript = "diff \"${PODS_PODFILE_DIR_PATH}/Podfile.lock\" \"${PODS_ROOT}/Manifest.lock\" > /dev/null\nif [ $? != 0 ] ; then\n    # print error to STDERR\n    echo \"error: The sandbox is not in sync with the Podfile.lock. Run 'pod install' or update your CocoaPods installation.\" >&2\n    exit 1\nfi\n# This output is used by Xcode 'outputs' to avoid re-running this script phase.\necho \"SUCCESS\" > \"${SCRIPT_OUTPUT_FILE_0}\"\n";
			showEnvVarsInLog = 0;
		};
		E0375D33C16907B4B66679BC /* [CP] Check Pods Manifest.lock */ = {
			isa = PBXShellScriptBuildPhase;
			buildActionMask = 2147483647;
			files = (
			);
			inputPaths = (
				"${PODS_PODFILE_DIR_PATH}/Podfile.lock",
				"${PODS_ROOT}/Manifest.lock",
			);
			name = "[CP] Check Pods Manifest.lock";
			outputPaths = (
				"$(DERIVED_FILE_DIR)/Pods-FieldMapTests-checkManifestLockResult.txt",
			);
			runOnlyForDeploymentPostprocessing = 0;
			shellPath = /bin/sh;
			shellScript = "diff \"${PODS_PODFILE_DIR_PATH}/Podfile.lock\" \"${PODS_ROOT}/Manifest.lock\" > /dev/null\nif [ $? != 0 ] ; then\n    # print error to STDERR\n    echo \"error: The sandbox is not in sync with the Podfile.lock. Run 'pod install' or update your CocoaPods installation.\" >&2\n    exit 1\nfi\n# This output is used by Xcode 'outputs' to avoid re-running this script phase.\necho \"SUCCESS\" > \"${SCRIPT_OUTPUT_FILE_0}\"\n";
			showEnvVarsInLog = 0;
		};
/* End PBXShellScriptBuildPhase section */

/* Begin PBXSourcesBuildPhase section */
		182D46A2205306B800A4CBD8 /* Sources */ = {
			isa = PBXSourcesBuildPhase;
			buildActionMask = 2147483647;
			files = (
				182D46A9205306B800A4CBD8 /* FarmLensUITests.swift in Sources */,
			);
			runOnlyForDeploymentPostprocessing = 0;
		};
		86985CC51E834EC200577EC7 /* Sources */ = {
			isa = PBXSourcesBuildPhase;
			buildActionMask = 2147483647;
			files = (
				FF16271A20504C87008BB642 /* FlightViewDetailController.swift in Sources */,
				FF162716205026FA008BB642 /* ImageDownloadViewController.swift in Sources */,
				FF976344206039910009B830 /* MediaHandler.swift in Sources */,
				FF162720205082E8008BB642 /* ImageLoader.swift in Sources */,
				18807769203CB60C006AC0E5 /* ViewImagesViewController.swift in Sources */,
				84C94B41216E6FB60089B19B /* NetworkInformation.swift in Sources */,
				FF976349206041960009B830 /* CameraCallback.swift in Sources */,
				845E3B9E2174D4B8009A4305 /* FlightCompleteViewController.swift in Sources */,
				1887374A2073C738003EC5E0 /* UIImage+pixelData.swift in Sources */,
				845E3BA421751940009A4305 /* ImageWithMetadataView.swift in Sources */,
				FF976347206040AD0009B830 /* Utils.swift in Sources */,
				FF97634B2060432F0009B830 /* InitialCameraCallback.swift in Sources */,
				A4DB95AC1FEAAD4500F405CA /* DJIImageAnnotation.swift in Sources */,
				A4DB95AA1FEAAD4500F405CA /* ProductCommunicationManager.swift in Sources */,
				FF97633F206024260009B830 /* DroneImage.swift in Sources */,
				84DECA6621764484009146F0 /* CustomPhotoAlbum.swift in Sources */,
				187203052050755C00008042 /* ImageTiler.swift in Sources */,
				188737482073C6BA003EC5E0 /* HealthMapGenerator.swift in Sources */,
				84C94B43216E80C10089B19B /* StitchRequester.swift in Sources */,
				1880776D203F0E14006AC0E5 /* FlightPlanning.swift in Sources */,
				A4DB95A11FEAAD4500F405CA /* AppDelegate.swift in Sources */,
				A4DB95AB1FEAAD4500F405CA /* StartupViewController.swift in Sources */,
				845E3BA621751C9C009A4305 /* StitchViewerViewController.swift in Sources */,
				FF16271820503CA0008BB642 /* MasterViewController.swift in Sources */,
			);
			runOnlyForDeploymentPostprocessing = 0;
		};
		FF015A9A204087170093EA05 /* Sources */ = {
			isa = PBXSourcesBuildPhase;
			buildActionMask = 2147483647;
			files = (
				FF4FB67F205C36250033228A /* FlightViewDetailControllerTest.swift in Sources */,
				184F9ADD206140EF0086D0F4 /* DroneImageTest.swift in Sources */,
				FF4FB677205C0EF90033228A /* MockMGLStyle.swift in Sources */,
				184F9AE1206149550086D0F4 /* ViewImagesViewControllerTest.swift in Sources */,
				FF4E29E82061385D00564E27 /* UtilsTest.swift in Sources */,
				FF015AAB204087A80093EA05 /* FlightPlanningTests.swift in Sources */,
				18C91379205AF46C00DBF615 /* ImageTilerTests.swift in Sources */,
				FF4E29F820613D2C00564E27 /* MockMediaManager.swift in Sources */,
				FF4E29F420613C7400564E27 /* MediaHandlerTest.swift in Sources */,
				184F9ADB20613EEA0086D0F4 /* MockFlightViewDetailController.swift in Sources */,
				184F9ADF206145870086D0F4 /* ImageLoaderTest.swift in Sources */,
				FF4FB67B205C12C80033228A /* StartupViewControllerTest.swift in Sources */,
				184F9AD920613B370086D0F4 /* CameraCallbackTest.swift in Sources */,
				184F9AD720613A230086D0F4 /* MockError.swift in Sources */,
				FF4FB674205C0CA40033228A /* DJIImageAnnotationTest.swift in Sources */,
				FF4E29F620613CBA00564E27 /* MockCamera.swift in Sources */,
			);
			runOnlyForDeploymentPostprocessing = 0;
		};
/* End PBXSourcesBuildPhase section */

/* Begin PBXTargetDependency section */
		182D46AC205306B800A4CBD8 /* PBXTargetDependency */ = {
			isa = PBXTargetDependency;
			target = 86985CC81E834EC200577EC7 /* FieldMap */;
			targetProxy = 182D46AB205306B800A4CBD8 /* PBXContainerItemProxy */;
		};
		FF015AA4204087170093EA05 /* PBXTargetDependency */ = {
			isa = PBXTargetDependency;
			target = 86985CC81E834EC200577EC7 /* FieldMap */;
			targetProxy = FF015AA3204087170093EA05 /* PBXContainerItemProxy */;
		};
/* End PBXTargetDependency section */

/* Begin PBXVariantGroup section */
		A4DB95931FEAAD4500F405CA /* Main.storyboard */ = {
			isa = PBXVariantGroup;
			children = (
				A4DB95941FEAAD4500F405CA /* Base */,
			);
			name = Main.storyboard;
			sourceTree = "<group>";
		};
/* End PBXVariantGroup section */

/* Begin XCBuildConfiguration section */
		182D46AD205306B800A4CBD8 /* Debug */ = {
			isa = XCBuildConfiguration;
			buildSettings = {
				CLANG_ANALYZER_NUMBER_OBJECT_CONVERSION = YES_AGGRESSIVE;
				CLANG_CXX_LANGUAGE_STANDARD = "gnu++14";
				CLANG_ENABLE_MODULES = YES;
				CLANG_WARN_UNGUARDED_AVAILABILITY = YES_AGGRESSIVE;
				CODE_SIGN_IDENTITY = "iPhone Developer";
				CODE_SIGN_STYLE = Automatic;
				DEVELOPMENT_TEAM = 3YP4TRQZ6K;
				GCC_C_LANGUAGE_STANDARD = gnu11;
				INFOPLIST_FILE = FarmLensUITests/Info.plist;
				IPHONEOS_DEPLOYMENT_TARGET = 11.2;
				LD_RUNPATH_SEARCH_PATHS = "$(inherited) @executable_path/Frameworks @loader_path/Frameworks";
				PRODUCT_BUNDLE_IDENTIFIER = com.agribotix.FarmLensUITests;
				PRODUCT_NAME = "$(TARGET_NAME)";
				SWIFT_OPTIMIZATION_LEVEL = "-Onone";
				SWIFT_VERSION = 4.0;
				TARGETED_DEVICE_FAMILY = "1,2";
				TEST_TARGET_NAME = FarmLens;
			};
			name = Debug;
		};
		182D46AE205306B800A4CBD8 /* Release */ = {
			isa = XCBuildConfiguration;
			buildSettings = {
				CLANG_ANALYZER_NUMBER_OBJECT_CONVERSION = YES_AGGRESSIVE;
				CLANG_CXX_LANGUAGE_STANDARD = "gnu++14";
				CLANG_ENABLE_MODULES = YES;
				CLANG_WARN_UNGUARDED_AVAILABILITY = YES_AGGRESSIVE;
				CODE_SIGN_IDENTITY = "iPhone Developer";
				CODE_SIGN_STYLE = Automatic;
				DEVELOPMENT_TEAM = 3YP4TRQZ6K;
				GCC_C_LANGUAGE_STANDARD = gnu11;
				INFOPLIST_FILE = FarmLensUITests/Info.plist;
				IPHONEOS_DEPLOYMENT_TARGET = 11.2;
				LD_RUNPATH_SEARCH_PATHS = "$(inherited) @executable_path/Frameworks @loader_path/Frameworks";
				PRODUCT_BUNDLE_IDENTIFIER = com.agribotix.FarmLensUITests;
				PRODUCT_NAME = "$(TARGET_NAME)";
				SWIFT_VERSION = 4.0;
				TARGETED_DEVICE_FAMILY = "1,2";
				TEST_TARGET_NAME = FarmLens;
			};
			name = Release;
		};
		86985CDB1E834EC200577EC7 /* Debug */ = {
			isa = XCBuildConfiguration;
			buildSettings = {
				ALWAYS_SEARCH_USER_PATHS = NO;
				CLANG_ALLOW_NON_MODULAR_INCLUDES_IN_FRAMEWORK_MODULES = YES;
				CLANG_ANALYZER_NONNULL = YES;
				CLANG_CXX_LANGUAGE_STANDARD = "gnu++0x";
				CLANG_CXX_LIBRARY = "libc++";
				CLANG_ENABLE_MODULES = YES;
				CLANG_ENABLE_OBJC_ARC = YES;
				CLANG_WARN_BLOCK_CAPTURE_AUTORELEASING = YES;
				CLANG_WARN_BOOL_CONVERSION = YES;
				CLANG_WARN_COMMA = YES;
				CLANG_WARN_CONSTANT_CONVERSION = YES;
				CLANG_WARN_DIRECT_OBJC_ISA_USAGE = YES_ERROR;
				CLANG_WARN_DOCUMENTATION_COMMENTS = YES;
				CLANG_WARN_EMPTY_BODY = YES;
				CLANG_WARN_ENUM_CONVERSION = YES;
				CLANG_WARN_INFINITE_RECURSION = YES;
				CLANG_WARN_INT_CONVERSION = YES;
				CLANG_WARN_NON_LITERAL_NULL_CONVERSION = YES;
				CLANG_WARN_OBJC_LITERAL_CONVERSION = YES;
				CLANG_WARN_OBJC_ROOT_CLASS = YES_ERROR;
				CLANG_WARN_RANGE_LOOP_ANALYSIS = YES;
				CLANG_WARN_STRICT_PROTOTYPES = YES;
				CLANG_WARN_SUSPICIOUS_MOVE = YES;
				CLANG_WARN_UNREACHABLE_CODE = YES;
				CLANG_WARN__DUPLICATE_METHOD_MATCH = YES;
				"CODE_SIGN_IDENTITY[sdk=iphoneos*]" = "iPhone Developer";
				COPY_PHASE_STRIP = NO;
				DEBUG_INFORMATION_FORMAT = dwarf;
				ENABLE_BITCODE = NO;
				ENABLE_STRICT_OBJC_MSGSEND = YES;
				ENABLE_TESTABILITY = YES;
				GCC_C_LANGUAGE_STANDARD = gnu99;
				GCC_DYNAMIC_NO_PIC = NO;
				GCC_NO_COMMON_BLOCKS = YES;
				GCC_OPTIMIZATION_LEVEL = 0;
				GCC_PREPROCESSOR_DEFINITIONS = (
					"DEBUG=1",
					"$(inherited)",
				);
				GCC_WARN_64_TO_32_BIT_CONVERSION = YES;
				GCC_WARN_ABOUT_RETURN_TYPE = YES_ERROR;
				GCC_WARN_UNDECLARED_SELECTOR = YES;
				GCC_WARN_UNINITIALIZED_AUTOS = YES_AGGRESSIVE;
				GCC_WARN_UNUSED_FUNCTION = YES;
				GCC_WARN_UNUSED_VARIABLE = YES;
				IPHONEOS_DEPLOYMENT_TARGET = 10.0;
				MTL_ENABLE_DEBUG_INFO = YES;
				ONLY_ACTIVE_ARCH = YES;
				SDKROOT = iphoneos;
				SWIFT_ACTIVE_COMPILATION_CONDITIONS = DEBUG;
				SWIFT_OPTIMIZATION_LEVEL = "-Onone";
				TARGETED_DEVICE_FAMILY = "1,2";
			};
			name = Debug;
		};
		86985CDC1E834EC200577EC7 /* Release */ = {
			isa = XCBuildConfiguration;
			buildSettings = {
				ALWAYS_SEARCH_USER_PATHS = NO;
				CLANG_ALLOW_NON_MODULAR_INCLUDES_IN_FRAMEWORK_MODULES = YES;
				CLANG_ANALYZER_NONNULL = YES;
				CLANG_CXX_LANGUAGE_STANDARD = "gnu++0x";
				CLANG_CXX_LIBRARY = "libc++";
				CLANG_ENABLE_MODULES = YES;
				CLANG_ENABLE_OBJC_ARC = YES;
				CLANG_WARN_BLOCK_CAPTURE_AUTORELEASING = YES;
				CLANG_WARN_BOOL_CONVERSION = YES;
				CLANG_WARN_COMMA = YES;
				CLANG_WARN_CONSTANT_CONVERSION = YES;
				CLANG_WARN_DIRECT_OBJC_ISA_USAGE = YES_ERROR;
				CLANG_WARN_DOCUMENTATION_COMMENTS = YES;
				CLANG_WARN_EMPTY_BODY = YES;
				CLANG_WARN_ENUM_CONVERSION = YES;
				CLANG_WARN_INFINITE_RECURSION = YES;
				CLANG_WARN_INT_CONVERSION = YES;
				CLANG_WARN_NON_LITERAL_NULL_CONVERSION = YES;
				CLANG_WARN_OBJC_LITERAL_CONVERSION = YES;
				CLANG_WARN_OBJC_ROOT_CLASS = YES_ERROR;
				CLANG_WARN_RANGE_LOOP_ANALYSIS = YES;
				CLANG_WARN_STRICT_PROTOTYPES = YES;
				CLANG_WARN_SUSPICIOUS_MOVE = YES;
				CLANG_WARN_UNREACHABLE_CODE = YES;
				CLANG_WARN__DUPLICATE_METHOD_MATCH = YES;
				"CODE_SIGN_IDENTITY[sdk=iphoneos*]" = "iPhone Developer";
				COPY_PHASE_STRIP = NO;
				DEBUG_INFORMATION_FORMAT = "dwarf-with-dsym";
				ENABLE_BITCODE = NO;
				ENABLE_NS_ASSERTIONS = NO;
				ENABLE_STRICT_OBJC_MSGSEND = YES;
				GCC_C_LANGUAGE_STANDARD = gnu99;
				GCC_NO_COMMON_BLOCKS = YES;
				GCC_WARN_64_TO_32_BIT_CONVERSION = YES;
				GCC_WARN_ABOUT_RETURN_TYPE = YES_ERROR;
				GCC_WARN_UNDECLARED_SELECTOR = YES;
				GCC_WARN_UNINITIALIZED_AUTOS = YES_AGGRESSIVE;
				GCC_WARN_UNUSED_FUNCTION = YES;
				GCC_WARN_UNUSED_VARIABLE = YES;
				IPHONEOS_DEPLOYMENT_TARGET = 10.0;
				MTL_ENABLE_DEBUG_INFO = NO;
				SDKROOT = iphoneos;
				SWIFT_OPTIMIZATION_LEVEL = "-Owholemodule";
				TARGETED_DEVICE_FAMILY = "1,2";
				VALIDATE_PRODUCT = YES;
			};
			name = Release;
		};
		86985CDE1E834EC200577EC7 /* Debug */ = {
			isa = XCBuildConfiguration;
			baseConfigurationReference = DDAC559741FA50DC8C0C0E23 /* Pods-FieldMap.debug.xcconfig */;
			buildSettings = {
				ASSETCATALOG_COMPILER_APPICON_NAME = AppIcon;
				CLANG_ALLOW_NON_MODULAR_INCLUDES_IN_FRAMEWORK_MODULES = YES;
				CLANG_ENABLE_MODULES = YES;
				CODE_SIGN_IDENTITY = "iPhone Distribution";
				CODE_SIGN_STYLE = Manual;
				DEVELOPMENT_TEAM = DYG5XF554D;
				ENABLE_BITCODE = NO;
				FRAMEWORK_SEARCH_PATHS = "$(inherited)";
				HEADER_SEARCH_PATHS = "";
				INFOPLIST_FILE = "$(SRCROOT)/FieldMap/Info.plist";
				IPHONEOS_DEPLOYMENT_TARGET = 9.0;
				LD_RUNPATH_SEARCH_PATHS = "$(inherited) @executable_path/Frameworks";
				LIBRARY_SEARCH_PATHS = "$(inherited)";
				PRODUCT_BUNDLE_IDENTIFIER = com.riis.fieldmap;
				PRODUCT_NAME = "$(TARGET_NAME)";
				PROVISIONING_PROFILE_SPECIFIER = "FieldMap App Store Distribution";
				SWIFT_INSTALL_OBJC_HEADER = NO;
				SWIFT_OBJC_BRIDGING_HEADER = "";
				SWIFT_OPTIMIZATION_LEVEL = "-Onone";
				SWIFT_VERSION = 3.0;
				TARGETED_DEVICE_FAMILY = 2;
			};
			name = Debug;
		};
		86985CDF1E834EC200577EC7 /* Release */ = {
			isa = XCBuildConfiguration;
			baseConfigurationReference = 0B82C9412C8877C8918EF3B1 /* Pods-FieldMap.release.xcconfig */;
			buildSettings = {
				ASSETCATALOG_COMPILER_APPICON_NAME = AppIcon;
				CLANG_ALLOW_NON_MODULAR_INCLUDES_IN_FRAMEWORK_MODULES = YES;
				CLANG_ENABLE_MODULES = YES;
				CODE_SIGN_IDENTITY = "iPhone Distribution";
				CODE_SIGN_STYLE = Manual;
				DEVELOPMENT_TEAM = DYG5XF554D;
				ENABLE_BITCODE = NO;
				FRAMEWORK_SEARCH_PATHS = "$(inherited)";
				HEADER_SEARCH_PATHS = "";
				INFOPLIST_FILE = "$(SRCROOT)/FieldMap/Info.plist";
				IPHONEOS_DEPLOYMENT_TARGET = 9.0;
				LD_RUNPATH_SEARCH_PATHS = "$(inherited) @executable_path/Frameworks";
				LIBRARY_SEARCH_PATHS = "$(inherited)";
				PRODUCT_BUNDLE_IDENTIFIER = com.riis.fieldmap;
				PRODUCT_NAME = "$(TARGET_NAME)";
				PROVISIONING_PROFILE_SPECIFIER = "FieldMap App Store Distribution";
				SWIFT_INSTALL_OBJC_HEADER = NO;
				SWIFT_OBJC_BRIDGING_HEADER = "";
				SWIFT_VERSION = 3.0;
				TARGETED_DEVICE_FAMILY = 2;
			};
			name = Release;
		};
		FF015AA5204087170093EA05 /* Debug */ = {
			isa = XCBuildConfiguration;
			baseConfigurationReference = B5F94193FB9ADC2507E57B3A /* Pods-FieldMapTests.debug.xcconfig */;
			buildSettings = {
				BUNDLE_LOADER = "$(TEST_HOST)";
				CLANG_ANALYZER_NUMBER_OBJECT_CONVERSION = YES_AGGRESSIVE;
				CLANG_CXX_LANGUAGE_STANDARD = "gnu++14";
				CLANG_WARN_UNGUARDED_AVAILABILITY = YES_AGGRESSIVE;
				CODE_SIGN_IDENTITY = "iPhone Developer";
				CODE_SIGN_STYLE = Automatic;
				DEVELOPMENT_TEAM = DYG5XF554D;
				GCC_C_LANGUAGE_STANDARD = gnu11;
				INFOPLIST_FILE = FarmLensTests/Info.plist;
				IPHONEOS_DEPLOYMENT_TARGET = 11.2;
				LD_RUNPATH_SEARCH_PATHS = "$(inherited) @executable_path/Frameworks @loader_path/Frameworks";
				PRODUCT_BUNDLE_IDENTIFIER = com.agribotix.farmlens.FarmLensTests;
				PRODUCT_NAME = "$(TARGET_NAME)";
				SWIFT_VERSION = 4.0;
				TARGETED_DEVICE_FAMILY = "1,2";
				TEST_HOST = "$(BUILT_PRODUCTS_DIR)/FieldMap.app/FieldMap";
			};
			name = Debug;
		};
		FF015AA6204087170093EA05 /* Release */ = {
			isa = XCBuildConfiguration;
			baseConfigurationReference = E600EED4654AA3CC4067F72E /* Pods-FieldMapTests.release.xcconfig */;
			buildSettings = {
				BUNDLE_LOADER = "$(TEST_HOST)";
				CLANG_ANALYZER_NUMBER_OBJECT_CONVERSION = YES_AGGRESSIVE;
				CLANG_CXX_LANGUAGE_STANDARD = "gnu++14";
				CLANG_WARN_UNGUARDED_AVAILABILITY = YES_AGGRESSIVE;
				CODE_SIGN_IDENTITY = "iPhone Developer";
				CODE_SIGN_STYLE = Automatic;
				DEVELOPMENT_TEAM = DYG5XF554D;
				GCC_C_LANGUAGE_STANDARD = gnu11;
				INFOPLIST_FILE = FarmLensTests/Info.plist;
				IPHONEOS_DEPLOYMENT_TARGET = 11.2;
				LD_RUNPATH_SEARCH_PATHS = "$(inherited) @executable_path/Frameworks @loader_path/Frameworks";
				PRODUCT_BUNDLE_IDENTIFIER = com.agribotix.farmlens.FarmLensTests;
				PRODUCT_NAME = "$(TARGET_NAME)";
				SWIFT_VERSION = 4.0;
				TARGETED_DEVICE_FAMILY = "1,2";
				TEST_HOST = "$(BUILT_PRODUCTS_DIR)/FieldMap.app/FieldMap";
			};
			name = Release;
		};
/* End XCBuildConfiguration section */

/* Begin XCConfigurationList section */
		182D46AF205306B800A4CBD8 /* Build configuration list for PBXNativeTarget "FieldMapUITests" */ = {
			isa = XCConfigurationList;
			buildConfigurations = (
				182D46AD205306B800A4CBD8 /* Debug */,
				182D46AE205306B800A4CBD8 /* Release */,
			);
			defaultConfigurationIsVisible = 0;
			defaultConfigurationName = Release;
		};
		86985CC41E834EC200577EC7 /* Build configuration list for PBXProject "FieldMap" */ = {
			isa = XCConfigurationList;
			buildConfigurations = (
				86985CDB1E834EC200577EC7 /* Debug */,
				86985CDC1E834EC200577EC7 /* Release */,
			);
			defaultConfigurationIsVisible = 0;
			defaultConfigurationName = Release;
		};
		86985CDD1E834EC200577EC7 /* Build configuration list for PBXNativeTarget "FieldMap" */ = {
			isa = XCConfigurationList;
			buildConfigurations = (
				86985CDE1E834EC200577EC7 /* Debug */,
				86985CDF1E834EC200577EC7 /* Release */,
			);
			defaultConfigurationIsVisible = 0;
			defaultConfigurationName = Release;
		};
		FF015AA7204087170093EA05 /* Build configuration list for PBXNativeTarget "FieldMapTests" */ = {
			isa = XCConfigurationList;
			buildConfigurations = (
				FF015AA5204087170093EA05 /* Debug */,
				FF015AA6204087170093EA05 /* Release */,
			);
			defaultConfigurationIsVisible = 0;
			defaultConfigurationName = Release;
		};
/* End XCConfigurationList section */
	};
	rootObject = 86985CC11E834EC200577EC7 /* Project object */;
}
