// !$*UTF8*$!
{
	archiveVersion = 1;
	classes = {
	};
	objectVersion = 46;
	objects = {

/* Begin PBXBuildFile section */
		18807769203CB60C006AC0E5 /* MapboxActivity.swift in Sources */ = {isa = PBXBuildFile; fileRef = 18807768203CB60C006AC0E5 /* MapboxActivity.swift */; };
		1880776D203F0E14006AC0E5 /* FlightPlanning.swift in Sources */ = {isa = PBXBuildFile; fileRef = 1880776C203F0E14006AC0E5 /* FlightPlanning.swift */; };
		18C178A62036133D00D2DE38 /* UIImage+OpenCV.mm in Sources */ = {isa = PBXBuildFile; fileRef = 18C178A02036133D00D2DE38 /* UIImage+OpenCV.mm */; };
		18C178A72036133D00D2DE38 /* CVWrapper.mm in Sources */ = {isa = PBXBuildFile; fileRef = 18C178A22036133D00D2DE38 /* CVWrapper.mm */; };
		18C178A82036133D00D2DE38 /* stitching.cpp in Sources */ = {isa = PBXBuildFile; fileRef = 18C178A32036133D00D2DE38 /* stitching.cpp */; };
		18C178A92036133D00D2DE38 /* UIImage+Rotate.m in Sources */ = {isa = PBXBuildFile; fileRef = 18C178A42036133D00D2DE38 /* UIImage+Rotate.m */; };
		A435F2171E8BD6CA00D58045 /* VideoPreviewer.framework in Frameworks */ = {isa = PBXBuildFile; fileRef = A435F2161E8BD6BF00D58045 /* VideoPreviewer.framework */; };
		A435F2181E8BD6CA00D58045 /* VideoPreviewer.framework in Embed Frameworks */ = {isa = PBXBuildFile; fileRef = A435F2161E8BD6BF00D58045 /* VideoPreviewer.framework */; settings = {ATTRIBUTES = (CodeSignOnCopy, RemoveHeadersOnCopy, ); }; };
		A4DB95A11FEAAD4500F405CA /* AppDelegate.swift in Sources */ = {isa = PBXBuildFile; fileRef = A4DB958F1FEAAD4500F405CA /* AppDelegate.swift */; };
		A4DB95A21FEAAD4500F405CA /* Assets.xcassets in Resources */ = {isa = PBXBuildFile; fileRef = A4DB95901FEAAD4500F405CA /* Assets.xcassets */; };
		A4DB95A31FEAAD4500F405CA /* LaunchScreen.storyboard in Resources */ = {isa = PBXBuildFile; fileRef = A4DB95911FEAAD4500F405CA /* LaunchScreen.storyboard */; };
		A4DB95A41FEAAD4500F405CA /* Main.storyboard in Resources */ = {isa = PBXBuildFile; fileRef = A4DB95931FEAAD4500F405CA /* Main.storyboard */; };
		A4DB95A71FEAAD4500F405CA /* KeyedInterfaceViewController.swift in Sources */ = {isa = PBXBuildFile; fileRef = A4DB95981FEAAD4500F405CA /* KeyedInterfaceViewController.swift */; };
		A4DB95A91FEAAD4500F405CA /* TimelineMissionViewController.swift in Sources */ = {isa = PBXBuildFile; fileRef = A4DB959B1FEAAD4500F405CA /* TimelineMissionViewController.swift */; };
		A4DB95AA1FEAAD4500F405CA /* ProductCommunicationManager.swift in Sources */ = {isa = PBXBuildFile; fileRef = A4DB959D1FEAAD4500F405CA /* ProductCommunicationManager.swift */; };
		A4DB95AB1FEAAD4500F405CA /* StartupViewController.swift in Sources */ = {isa = PBXBuildFile; fileRef = A4DB959E1FEAAD4500F405CA /* StartupViewController.swift */; };
		A4DB95AC1FEAAD4500F405CA /* DJIImageAnnotation.swift in Sources */ = {isa = PBXBuildFile; fileRef = A4DB95A01FEAAD4500F405CA /* DJIImageAnnotation.swift */; };
		B12D6E93C2F7FBFF30DC78C7 /* libPods-FarmLens.a in Frameworks */ = {isa = PBXBuildFile; fileRef = A188599FA663E46DB3B3B4FC /* libPods-FarmLens.a */; };
		FF015AA1204087170093EA05 /* FarmLensTests.swift in Sources */ = {isa = PBXBuildFile; fileRef = FF015AA0204087170093EA05 /* FarmLensTests.swift */; };
		FF015AAB204087A80093EA05 /* FlightPlanningTests.swift in Sources */ = {isa = PBXBuildFile; fileRef = FF015AAA204087A80093EA05 /* FlightPlanningTests.swift */; };
		FF0BACCB203B09B100BAFF23 /* PicturesViewController.swift in Sources */ = {isa = PBXBuildFile; fileRef = FF0BACCA203B09B100BAFF23 /* PicturesViewController.swift */; };
		FFDB436C203DCAFD00E8D0F4 /* MapKit.framework in Frameworks */ = {isa = PBXBuildFile; fileRef = FFDB436B203DCAFD00E8D0F4 /* MapKit.framework */; };
/* End PBXBuildFile section */

/* Begin PBXContainerItemProxy section */
		A435F2151E8BD6BF00D58045 /* PBXContainerItemProxy */ = {
			isa = PBXContainerItemProxy;
			containerPortal = A435F2111E8BD6BF00D58045 /* VideoPreviewer.xcodeproj */;
			proxyType = 2;
			remoteGlobalIDString = 02A543FD1C3C51CB0083C11B;
			remoteInfo = VideoPreviewer;
		};
		A435F2191E8BD6CA00D58045 /* PBXContainerItemProxy */ = {
			isa = PBXContainerItemProxy;
			containerPortal = A435F2111E8BD6BF00D58045 /* VideoPreviewer.xcodeproj */;
			proxyType = 1;
			remoteGlobalIDString = 02A543FC1C3C51CB0083C11B;
			remoteInfo = VideoPreviewer;
		};
		FF015AA3204087170093EA05 /* PBXContainerItemProxy */ = {
			isa = PBXContainerItemProxy;
			containerPortal = 86985CC11E834EC200577EC7 /* Project object */;
			proxyType = 1;
			remoteGlobalIDString = 86985CC81E834EC200577EC7;
			remoteInfo = FarmLens;
		};
/* End PBXContainerItemProxy section */

/* Begin PBXCopyFilesBuildPhase section */
		86985DA41E8356C600577EC7 /* Embed Frameworks */ = {
			isa = PBXCopyFilesBuildPhase;
			buildActionMask = 2147483647;
			dstPath = "";
			dstSubfolderSpec = 10;
			files = (
				A435F2181E8BD6CA00D58045 /* VideoPreviewer.framework in Embed Frameworks */,
			);
			name = "Embed Frameworks";
			runOnlyForDeploymentPostprocessing = 0;
		};
/* End PBXCopyFilesBuildPhase section */

/* Begin PBXFileReference section */
		18348DE1203CB11F00842DE9 /* FarmLens.app */ = {isa = PBXFileReference; explicitFileType = wrapper.application; includeInIndex = 0; path = FarmLens.app; sourceTree = BUILT_PRODUCTS_DIR; };
		18807768203CB60C006AC0E5 /* MapboxActivity.swift */ = {isa = PBXFileReference; lastKnownFileType = sourcecode.swift; path = MapboxActivity.swift; sourceTree = "<group>"; };
		1880776C203F0E14006AC0E5 /* FlightPlanning.swift */ = {isa = PBXFileReference; lastKnownFileType = sourcecode.swift; path = FlightPlanning.swift; sourceTree = "<group>"; };
		18C1789D2036133C00D2DE38 /* FarmLens-Bridging-Header.h */ = {isa = PBXFileReference; lastKnownFileType = sourcecode.c.h; path = "FarmLens-Bridging-Header.h"; sourceTree = "<group>"; };
		18C1789E2036133D00D2DE38 /* stitching.h */ = {isa = PBXFileReference; fileEncoding = 4; lastKnownFileType = sourcecode.c.h; path = stitching.h; sourceTree = "<group>"; };
		18C1789F2036133D00D2DE38 /* UIImage+OpenCV.h */ = {isa = PBXFileReference; fileEncoding = 4; lastKnownFileType = sourcecode.c.h; path = "UIImage+OpenCV.h"; sourceTree = "<group>"; };
		18C178A02036133D00D2DE38 /* UIImage+OpenCV.mm */ = {isa = PBXFileReference; fileEncoding = 4; lastKnownFileType = sourcecode.cpp.objcpp; path = "UIImage+OpenCV.mm"; sourceTree = "<group>"; };
		18C178A12036133D00D2DE38 /* CVWrapper.h */ = {isa = PBXFileReference; fileEncoding = 4; lastKnownFileType = sourcecode.c.h; path = CVWrapper.h; sourceTree = "<group>"; };
		18C178A22036133D00D2DE38 /* CVWrapper.mm */ = {isa = PBXFileReference; fileEncoding = 4; lastKnownFileType = sourcecode.cpp.objcpp; path = CVWrapper.mm; sourceTree = "<group>"; };
		18C178A32036133D00D2DE38 /* stitching.cpp */ = {isa = PBXFileReference; fileEncoding = 4; lastKnownFileType = sourcecode.cpp.cpp; path = stitching.cpp; sourceTree = "<group>"; };
		18C178A42036133D00D2DE38 /* UIImage+Rotate.m */ = {isa = PBXFileReference; fileEncoding = 4; lastKnownFileType = sourcecode.c.objc; path = "UIImage+Rotate.m"; sourceTree = "<group>"; };
		18C178A52036133D00D2DE38 /* UIImage+Rotate.h */ = {isa = PBXFileReference; fileEncoding = 4; lastKnownFileType = sourcecode.c.h; path = "UIImage+Rotate.h"; sourceTree = "<group>"; };
		4258DD167889BCDAF324F9D9 /* Pods-FarmLens.release.xcconfig */ = {isa = PBXFileReference; includeInIndex = 1; lastKnownFileType = text.xcconfig; name = "Pods-FarmLens.release.xcconfig"; path = "Pods/Target Support Files/Pods-FarmLens/Pods-FarmLens.release.xcconfig"; sourceTree = "<group>"; };
		A188599FA663E46DB3B3B4FC /* libPods-FarmLens.a */ = {isa = PBXFileReference; explicitFileType = archive.ar; includeInIndex = 0; path = "libPods-FarmLens.a"; sourceTree = BUILT_PRODUCTS_DIR; };
		A435F2111E8BD6BF00D58045 /* VideoPreviewer.xcodeproj */ = {isa = PBXFileReference; lastKnownFileType = "wrapper.pb-project"; name = VideoPreviewer.xcodeproj; path = ../VideoPreviewer/VideoPreviewer.xcodeproj; sourceTree = "<group>"; };
		A4DB958F1FEAAD4500F405CA /* AppDelegate.swift */ = {isa = PBXFileReference; fileEncoding = 4; lastKnownFileType = sourcecode.swift; path = AppDelegate.swift; sourceTree = "<group>"; };
		A4DB95901FEAAD4500F405CA /* Assets.xcassets */ = {isa = PBXFileReference; lastKnownFileType = folder.assetcatalog; path = Assets.xcassets; sourceTree = "<group>"; };
		A4DB95921FEAAD4500F405CA /* Base */ = {isa = PBXFileReference; lastKnownFileType = file.storyboard; name = Base; path = Base.lproj/LaunchScreen.storyboard; sourceTree = "<group>"; };
		A4DB95941FEAAD4500F405CA /* Base */ = {isa = PBXFileReference; lastKnownFileType = file.storyboard; name = Base; path = Base.lproj/Main.storyboard; sourceTree = "<group>"; };
		A4DB95961FEAAD4500F405CA /* Info.plist */ = {isa = PBXFileReference; fileEncoding = 4; lastKnownFileType = text.plist.xml; path = Info.plist; sourceTree = "<group>"; };
		A4DB95981FEAAD4500F405CA /* KeyedInterfaceViewController.swift */ = {isa = PBXFileReference; fileEncoding = 4; lastKnownFileType = sourcecode.swift; path = KeyedInterfaceViewController.swift; sourceTree = "<group>"; };
		A4DB959B1FEAAD4500F405CA /* TimelineMissionViewController.swift */ = {isa = PBXFileReference; fileEncoding = 4; lastKnownFileType = sourcecode.swift; path = TimelineMissionViewController.swift; sourceTree = "<group>"; };
		A4DB959D1FEAAD4500F405CA /* ProductCommunicationManager.swift */ = {isa = PBXFileReference; fileEncoding = 4; lastKnownFileType = sourcecode.swift; path = ProductCommunicationManager.swift; sourceTree = "<group>"; };
		A4DB959E1FEAAD4500F405CA /* StartupViewController.swift */ = {isa = PBXFileReference; fileEncoding = 4; lastKnownFileType = sourcecode.swift; path = StartupViewController.swift; sourceTree = "<group>"; };
		A4DB95A01FEAAD4500F405CA /* DJIImageAnnotation.swift */ = {isa = PBXFileReference; fileEncoding = 4; lastKnownFileType = sourcecode.swift; path = DJIImageAnnotation.swift; sourceTree = "<group>"; };
		F7607896866020F85381F3C2 /* Pods-FarmLens.debug.xcconfig */ = {isa = PBXFileReference; includeInIndex = 1; lastKnownFileType = text.xcconfig; name = "Pods-FarmLens.debug.xcconfig"; path = "Pods/Target Support Files/Pods-FarmLens/Pods-FarmLens.debug.xcconfig"; sourceTree = "<group>"; };
		FF015A9E204087170093EA05 /* FarmLensTests.xctest */ = {isa = PBXFileReference; explicitFileType = wrapper.cfbundle; includeInIndex = 0; path = FarmLensTests.xctest; sourceTree = BUILT_PRODUCTS_DIR; };
		FF015AA0204087170093EA05 /* FarmLensTests.swift */ = {isa = PBXFileReference; lastKnownFileType = sourcecode.swift; path = FarmLensTests.swift; sourceTree = "<group>"; };
		FF015AA2204087170093EA05 /* Info.plist */ = {isa = PBXFileReference; lastKnownFileType = text.plist.xml; path = Info.plist; sourceTree = "<group>"; };
		FF015AAA204087A80093EA05 /* FlightPlanningTests.swift */ = {isa = PBXFileReference; lastKnownFileType = sourcecode.swift; path = FlightPlanningTests.swift; sourceTree = "<group>"; };
		FF0BACCA203B09B100BAFF23 /* PicturesViewController.swift */ = {isa = PBXFileReference; lastKnownFileType = sourcecode.swift; path = PicturesViewController.swift; sourceTree = "<group>"; };
		FFDB436B203DCAFD00E8D0F4 /* MapKit.framework */ = {isa = PBXFileReference; lastKnownFileType = wrapper.framework; name = MapKit.framework; path = System/Library/Frameworks/MapKit.framework; sourceTree = SDKROOT; };
/* End PBXFileReference section */

/* Begin PBXFrameworksBuildPhase section */
		86985CC61E834EC200577EC7 /* Frameworks */ = {
			isa = PBXFrameworksBuildPhase;
			buildActionMask = 2147483647;
			files = (
				FFDB436C203DCAFD00E8D0F4 /* MapKit.framework in Frameworks */,
				A435F2171E8BD6CA00D58045 /* VideoPreviewer.framework in Frameworks */,
				B12D6E93C2F7FBFF30DC78C7 /* libPods-FarmLens.a in Frameworks */,
			);
			runOnlyForDeploymentPostprocessing = 0;
		};
		FF015A9B204087170093EA05 /* Frameworks */ = {
			isa = PBXFrameworksBuildPhase;
			buildActionMask = 2147483647;
			files = (
			);
			runOnlyForDeploymentPostprocessing = 0;
		};
/* End PBXFrameworksBuildPhase section */

/* Begin PBXGroup section */
		0B6F263FBC093B7B6FB6EF51 /* Frameworks */ = {
			isa = PBXGroup;
			children = (
				FFDB436B203DCAFD00E8D0F4 /* MapKit.framework */,
				A435F2111E8BD6BF00D58045 /* VideoPreviewer.xcodeproj */,
				A188599FA663E46DB3B3B4FC /* libPods-FarmLens.a */,
			);
			name = Frameworks;
			sourceTree = "<group>";
		};
		1880776E203F1450006AC0E5 /* Services */ = {
			isa = PBXGroup;
			children = (
				1880776F203F1460006AC0E5 /* FlightPlanning */,
				18BDBCFB20360FD900CD1D59 /* DJI */,
				18BDBCFC20360FE900CD1D59 /* ImageStitch */,
			);
			path = Services;
			sourceTree = "<group>";
		};
		1880776F203F1460006AC0E5 /* FlightPlanning */ = {
			isa = PBXGroup;
			children = (
				1880776C203F0E14006AC0E5 /* FlightPlanning.swift */,
			);
			path = FlightPlanning;
			sourceTree = "<group>";
		};
		18BDBCF820360FA700CD1D59 /* App */ = {
			isa = PBXGroup;
			children = (
				A4DB958F1FEAAD4500F405CA /* AppDelegate.swift */,
			);
			path = App;
			sourceTree = "<group>";
		};
		18BDBCF920360FAE00CD1D59 /* View */ = {
			isa = PBXGroup;
			children = (
				A4DB95931FEAAD4500F405CA /* Main.storyboard */,
				A4DB95911FEAAD4500F405CA /* LaunchScreen.storyboard */,
			);
			path = View;
			sourceTree = "<group>";
		};
		18BDBCFA20360FBC00CD1D59 /* ViewControllers */ = {
			isa = PBXGroup;
			children = (
				A4DB959E1FEAAD4500F405CA /* StartupViewController.swift */,
				FF0BACCA203B09B100BAFF23 /* PicturesViewController.swift */,
				18807768203CB60C006AC0E5 /* MapboxActivity.swift */,
			);
			path = ViewControllers;
			sourceTree = "<group>";
		};
		18BDBCFB20360FD900CD1D59 /* DJI */ = {
			isa = PBXGroup;
			children = (
				A4DB95971FEAAD4500F405CA /* KeyedInterfaces */,
				A4DB95991FEAAD4500F405CA /* Missions */,
				A4DB959C1FEAAD4500F405CA /* Services */,
				A4DB959F1FEAAD4500F405CA /* UIObjects */,
			);
			path = DJI;
			sourceTree = "<group>";
		};
		18BDBCFC20360FE900CD1D59 /* ImageStitch */ = {
			isa = PBXGroup;
			children = (
				18C178A12036133D00D2DE38 /* CVWrapper.h */,
				18C178A22036133D00D2DE38 /* CVWrapper.mm */,
				18C178A32036133D00D2DE38 /* stitching.cpp */,
				18C1789E2036133D00D2DE38 /* stitching.h */,
				18C1789F2036133D00D2DE38 /* UIImage+OpenCV.h */,
				18C178A02036133D00D2DE38 /* UIImage+OpenCV.mm */,
				18C178A52036133D00D2DE38 /* UIImage+Rotate.h */,
				18C178A42036133D00D2DE38 /* UIImage+Rotate.m */,
				18C1789D2036133C00D2DE38 /* FarmLens-Bridging-Header.h */,
			);
			path = ImageStitch;
			sourceTree = "<group>";
		};
		86985CC01E834EC200577EC7 = {
			isa = PBXGroup;
			children = (
				A4DB958E1FEAAD4500F405CA /* FarmLens */,
				C0C7419B2667BCEE0BB6C689 /* Pods */,
				FF015A9F204087170093EA05 /* FarmLensTests */,
				0B6F263FBC093B7B6FB6EF51 /* Frameworks */,
				18348DE1203CB11F00842DE9 /* FarmLens.app */,
				FF015A9E204087170093EA05 /* FarmLensTests.xctest */,
			);
			sourceTree = "<group>";
		};
		A435F2121E8BD6BF00D58045 /* Products */ = {
			isa = PBXGroup;
			children = (
				A435F2161E8BD6BF00D58045 /* VideoPreviewer.framework */,
			);
			name = Products;
			sourceTree = "<group>";
		};
		A4DB958E1FEAAD4500F405CA /* FarmLens */ = {
			isa = PBXGroup;
			children = (
				18BDBCF820360FA700CD1D59 /* App */,
				18BDBCF920360FAE00CD1D59 /* View */,
				18BDBCFA20360FBC00CD1D59 /* ViewControllers */,
				1880776E203F1450006AC0E5 /* Services */,
				A4DB95901FEAAD4500F405CA /* Assets.xcassets */,
				A4DB95961FEAAD4500F405CA /* Info.plist */,
			);
			path = FarmLens;
			sourceTree = "<group>";
		};
		A4DB95971FEAAD4500F405CA /* KeyedInterfaces */ = {
			isa = PBXGroup;
			children = (
				A4DB95981FEAAD4500F405CA /* KeyedInterfaceViewController.swift */,
			);
			path = KeyedInterfaces;
			sourceTree = "<group>";
		};
		A4DB95991FEAAD4500F405CA /* Missions */ = {
			isa = PBXGroup;
			children = (
				A4DB959B1FEAAD4500F405CA /* TimelineMissionViewController.swift */,
			);
			path = Missions;
			sourceTree = "<group>";
		};
		A4DB959C1FEAAD4500F405CA /* Services */ = {
			isa = PBXGroup;
			children = (
				A4DB959D1FEAAD4500F405CA /* ProductCommunicationManager.swift */,
			);
			path = Services;
			sourceTree = "<group>";
		};
		A4DB959F1FEAAD4500F405CA /* UIObjects */ = {
			isa = PBXGroup;
			children = (
				A4DB95A01FEAAD4500F405CA /* DJIImageAnnotation.swift */,
			);
			path = UIObjects;
			sourceTree = "<group>";
		};
		C0C7419B2667BCEE0BB6C689 /* Pods */ = {
			isa = PBXGroup;
			children = (
				F7607896866020F85381F3C2 /* Pods-FarmLens.debug.xcconfig */,
				4258DD167889BCDAF324F9D9 /* Pods-FarmLens.release.xcconfig */,
			);
			name = Pods;
			sourceTree = "<group>";
		};
		FF015A9F204087170093EA05 /* FarmLensTests */ = {
			isa = PBXGroup;
			children = (
				FF015AAA204087A80093EA05 /* FlightPlanningTests.swift */,
				FF015AA0204087170093EA05 /* FarmLensTests.swift */,
				FF015AA2204087170093EA05 /* Info.plist */,
			);
			path = FarmLensTests;
			sourceTree = "<group>";
		};
/* End PBXGroup section */

/* Begin PBXNativeTarget section */
		86985CC81E834EC200577EC7 /* FarmLens */ = {
			isa = PBXNativeTarget;
			buildConfigurationList = 86985CDD1E834EC200577EC7 /* Build configuration list for PBXNativeTarget "FarmLens" */;
			buildPhases = (
				A23089ACBCAB63BE42DAD2F1 /* [CP] Check Pods Manifest.lock */,
				86985CC51E834EC200577EC7 /* Sources */,
				86985CC61E834EC200577EC7 /* Frameworks */,
				86985CC71E834EC200577EC7 /* Resources */,
				86985DA41E8356C600577EC7 /* Embed Frameworks */,
				8A68B323F021A127CDC7173C /* [CP] Embed Pods Frameworks */,
				7483B5029B3A2172B51AD3FB /* [CP] Copy Pods Resources */,
			);
			buildRules = (
			);
			dependencies = (
				A435F21A1E8BD6CA00D58045 /* PBXTargetDependency */,
			);
			name = FarmLens;
			productName = "SDK Swift Sample";
			productReference = 18348DE1203CB11F00842DE9 /* FarmLens.app */;
			productType = "com.apple.product-type.application";
		};
		FF015A9D204087170093EA05 /* FarmLensTests */ = {
			isa = PBXNativeTarget;
			buildConfigurationList = FF015AA7204087170093EA05 /* Build configuration list for PBXNativeTarget "FarmLensTests" */;
			buildPhases = (
				FF015A9A204087170093EA05 /* Sources */,
				FF015A9B204087170093EA05 /* Frameworks */,
				FF015A9C204087170093EA05 /* Resources */,
			);
			buildRules = (
			);
			dependencies = (
				FF015AA4204087170093EA05 /* PBXTargetDependency */,
			);
			name = FarmLensTests;
			productName = FarmLensTests;
			productReference = FF015A9E204087170093EA05 /* FarmLensTests.xctest */;
			productType = "com.apple.product-type.bundle.unit-test";
		};
/* End PBXNativeTarget section */

/* Begin PBXProject section */
		86985CC11E834EC200577EC7 /* Project object */ = {
			isa = PBXProject;
			attributes = {
				LastSwiftUpdateCheck = 0920;
				LastUpgradeCheck = 0920;
				ORGANIZATIONNAME = DJI;
				TargetAttributes = {
					86985CC81E834EC200577EC7 = {
						CreatedOnToolsVersion = 8.2.1;
						DevelopmentTeam = UHDP7LK8C7;
						LastSwiftMigration = 0920;
						ProvisioningStyle = Automatic;
						SystemCapabilities = {
							com.apple.Maps.iOS = {
								enabled = 1;
							};
						};
					};
					FF015A9D204087170093EA05 = {
						CreatedOnToolsVersion = 9.2;
						DevelopmentTeam = UHDP7LK8C7;
						ProvisioningStyle = Automatic;
						TestTargetID = 86985CC81E834EC200577EC7;
					};
				};
			};
			buildConfigurationList = 86985CC41E834EC200577EC7 /* Build configuration list for PBXProject "FarmLens" */;
			compatibilityVersion = "Xcode 3.2";
			developmentRegion = English;
			hasScannedForEncodings = 0;
			knownRegions = (
				en,
				Base,
			);
			mainGroup = 86985CC01E834EC200577EC7;
			productRefGroup = 86985CC01E834EC200577EC7;
			projectDirPath = "";
			projectReferences = (
				{
					ProductGroup = A435F2121E8BD6BF00D58045 /* Products */;
					ProjectRef = A435F2111E8BD6BF00D58045 /* VideoPreviewer.xcodeproj */;
				},
			);
			projectRoot = "";
			targets = (
				86985CC81E834EC200577EC7 /* FarmLens */,
				FF015A9D204087170093EA05 /* FarmLensTests */,
			);
		};
/* End PBXProject section */

/* Begin PBXReferenceProxy section */
		A435F2161E8BD6BF00D58045 /* VideoPreviewer.framework */ = {
			isa = PBXReferenceProxy;
			fileType = wrapper.framework;
			path = VideoPreviewer.framework;
			remoteRef = A435F2151E8BD6BF00D58045 /* PBXContainerItemProxy */;
			sourceTree = BUILT_PRODUCTS_DIR;
		};
/* End PBXReferenceProxy section */

/* Begin PBXResourcesBuildPhase section */
		86985CC71E834EC200577EC7 /* Resources */ = {
			isa = PBXResourcesBuildPhase;
			buildActionMask = 2147483647;
			files = (
				A4DB95A41FEAAD4500F405CA /* Main.storyboard in Resources */,
				A4DB95A21FEAAD4500F405CA /* Assets.xcassets in Resources */,
				A4DB95A31FEAAD4500F405CA /* LaunchScreen.storyboard in Resources */,
			);
			runOnlyForDeploymentPostprocessing = 0;
		};
		FF015A9C204087170093EA05 /* Resources */ = {
			isa = PBXResourcesBuildPhase;
			buildActionMask = 2147483647;
			files = (
			);
			runOnlyForDeploymentPostprocessing = 0;
		};
/* End PBXResourcesBuildPhase section */

/* Begin PBXShellScriptBuildPhase section */
		7483B5029B3A2172B51AD3FB /* [CP] Copy Pods Resources */ = {
			isa = PBXShellScriptBuildPhase;
			buildActionMask = 2147483647;
			files = (
			);
			inputPaths = (
			);
			name = "[CP] Copy Pods Resources";
			outputPaths = (
			);
			runOnlyForDeploymentPostprocessing = 0;
			shellPath = /bin/sh;
			shellScript = "\"${SRCROOT}/Pods/Target Support Files/Pods-FarmLens/Pods-FarmLens-resources.sh\"\n";
			showEnvVarsInLog = 0;
		};
		8A68B323F021A127CDC7173C /* [CP] Embed Pods Frameworks */ = {
			isa = PBXShellScriptBuildPhase;
			buildActionMask = 2147483647;
			files = (
			);
			inputPaths = (
				"${SRCROOT}/Pods/Target Support Files/Pods-FarmLens/Pods-FarmLens-frameworks.sh",
				"${PODS_ROOT}/DJI-SDK-iOS/iOS_Mobile_SDK/DJISDK.framework",
				"${PODS_ROOT}/Mapbox-iOS-SDK/dynamic/Mapbox.framework",
				"${PODS_ROOT}/Mapbox-iOS-SDK/dynamic/Mapbox.framework.dSYM",
			);
			name = "[CP] Embed Pods Frameworks";
			outputPaths = (
				"${TARGET_BUILD_DIR}/${FRAMEWORKS_FOLDER_PATH}/DJISDK.framework",
				"${TARGET_BUILD_DIR}/${FRAMEWORKS_FOLDER_PATH}/Mapbox.framework",
				"${DWARF_DSYM_FOLDER_PATH}/Mapbox.framework.dSYM",
			);
			runOnlyForDeploymentPostprocessing = 0;
			shellPath = /bin/sh;
			shellScript = "\"${SRCROOT}/Pods/Target Support Files/Pods-FarmLens/Pods-FarmLens-frameworks.sh\"\n";
			showEnvVarsInLog = 0;
		};
		A23089ACBCAB63BE42DAD2F1 /* [CP] Check Pods Manifest.lock */ = {
			isa = PBXShellScriptBuildPhase;
			buildActionMask = 2147483647;
			files = (
			);
			inputPaths = (
				"${PODS_PODFILE_DIR_PATH}/Podfile.lock",
				"${PODS_ROOT}/Manifest.lock",
			);
			name = "[CP] Check Pods Manifest.lock";
			outputPaths = (
				"$(DERIVED_FILE_DIR)/Pods-FarmLens-checkManifestLockResult.txt",
			);
			runOnlyForDeploymentPostprocessing = 0;
			shellPath = /bin/sh;
			shellScript = "diff \"${PODS_PODFILE_DIR_PATH}/Podfile.lock\" \"${PODS_ROOT}/Manifest.lock\" > /dev/null\nif [ $? != 0 ] ; then\n    # print error to STDERR\n    echo \"error: The sandbox is not in sync with the Podfile.lock. Run 'pod install' or update your CocoaPods installation.\" >&2\n    exit 1\nfi\n# This output is used by Xcode 'outputs' to avoid re-running this script phase.\necho \"SUCCESS\" > \"${SCRIPT_OUTPUT_FILE_0}\"\n";
			showEnvVarsInLog = 0;
		};
/* End PBXShellScriptBuildPhase section */

/* Begin PBXSourcesBuildPhase section */
		86985CC51E834EC200577EC7 /* Sources */ = {
			isa = PBXSourcesBuildPhase;
			buildActionMask = 2147483647;
			files = (
				18C178A62036133D00D2DE38 /* UIImage+OpenCV.mm in Sources */,
				18C178A82036133D00D2DE38 /* stitching.cpp in Sources */,
				FF0BACCB203B09B100BAFF23 /* PicturesViewController.swift in Sources */,
				18807769203CB60C006AC0E5 /* MapboxActivity.swift in Sources */,
				A4DB95AC1FEAAD4500F405CA /* DJIImageAnnotation.swift in Sources */,
				A4DB95AA1FEAAD4500F405CA /* ProductCommunicationManager.swift in Sources */,
				18C178A72036133D00D2DE38 /* CVWrapper.mm in Sources */,
				1880776D203F0E14006AC0E5 /* FlightPlanning.swift in Sources */,
				A4DB95A11FEAAD4500F405CA /* AppDelegate.swift in Sources */,
				A4DB95AB1FEAAD4500F405CA /* StartupViewController.swift in Sources */,
				A4DB95A71FEAAD4500F405CA /* KeyedInterfaceViewController.swift in Sources */,
				18C178A92036133D00D2DE38 /* UIImage+Rotate.m in Sources */,
				A4DB95A91FEAAD4500F405CA /* TimelineMissionViewController.swift in Sources */,
			);
			runOnlyForDeploymentPostprocessing = 0;
		};
		FF015A9A204087170093EA05 /* Sources */ = {
			isa = PBXSourcesBuildPhase;
			buildActionMask = 2147483647;
			files = (
				FF015AAB204087A80093EA05 /* FlightPlanningTests.swift in Sources */,
				FF015AA1204087170093EA05 /* FarmLensTests.swift in Sources */,
			);
			runOnlyForDeploymentPostprocessing = 0;
		};
/* End PBXSourcesBuildPhase section */

/* Begin PBXTargetDependency section */
		A435F21A1E8BD6CA00D58045 /* PBXTargetDependency */ = {
			isa = PBXTargetDependency;
			name = VideoPreviewer;
			targetProxy = A435F2191E8BD6CA00D58045 /* PBXContainerItemProxy */;
		};
		FF015AA4204087170093EA05 /* PBXTargetDependency */ = {
			isa = PBXTargetDependency;
			target = 86985CC81E834EC200577EC7 /* FarmLens */;
			targetProxy = FF015AA3204087170093EA05 /* PBXContainerItemProxy */;
		};
/* End PBXTargetDependency section */

/* Begin PBXVariantGroup section */
		A4DB95911FEAAD4500F405CA /* LaunchScreen.storyboard */ = {
			isa = PBXVariantGroup;
			children = (
				A4DB95921FEAAD4500F405CA /* Base */,
			);
			name = LaunchScreen.storyboard;
			sourceTree = "<group>";
		};
		A4DB95931FEAAD4500F405CA /* Main.storyboard */ = {
			isa = PBXVariantGroup;
			children = (
				A4DB95941FEAAD4500F405CA /* Base */,
			);
			name = Main.storyboard;
			sourceTree = "<group>";
		};
/* End PBXVariantGroup section */

/* Begin XCBuildConfiguration section */
		86985CDB1E834EC200577EC7 /* Debug */ = {
			isa = XCBuildConfiguration;
			buildSettings = {
				ALWAYS_SEARCH_USER_PATHS = NO;
				CLANG_ALLOW_NON_MODULAR_INCLUDES_IN_FRAMEWORK_MODULES = YES;
				CLANG_ANALYZER_NONNULL = YES;
				CLANG_CXX_LANGUAGE_STANDARD = "gnu++0x";
				CLANG_CXX_LIBRARY = "libc++";
				CLANG_ENABLE_MODULES = YES;
				CLANG_ENABLE_OBJC_ARC = YES;
				CLANG_WARN_BLOCK_CAPTURE_AUTORELEASING = YES;
				CLANG_WARN_BOOL_CONVERSION = YES;
				CLANG_WARN_COMMA = YES;
				CLANG_WARN_CONSTANT_CONVERSION = YES;
				CLANG_WARN_DIRECT_OBJC_ISA_USAGE = YES_ERROR;
				CLANG_WARN_DOCUMENTATION_COMMENTS = YES;
				CLANG_WARN_EMPTY_BODY = YES;
				CLANG_WARN_ENUM_CONVERSION = YES;
				CLANG_WARN_INFINITE_RECURSION = YES;
				CLANG_WARN_INT_CONVERSION = YES;
				CLANG_WARN_NON_LITERAL_NULL_CONVERSION = YES;
				CLANG_WARN_OBJC_LITERAL_CONVERSION = YES;
				CLANG_WARN_OBJC_ROOT_CLASS = YES_ERROR;
				CLANG_WARN_RANGE_LOOP_ANALYSIS = YES;
				CLANG_WARN_STRICT_PROTOTYPES = YES;
				CLANG_WARN_SUSPICIOUS_MOVE = YES;
				CLANG_WARN_UNREACHABLE_CODE = YES;
				CLANG_WARN__DUPLICATE_METHOD_MATCH = YES;
				"CODE_SIGN_IDENTITY[sdk=iphoneos*]" = "iPhone Developer";
				COPY_PHASE_STRIP = NO;
				DEBUG_INFORMATION_FORMAT = dwarf;
				ENABLE_BITCODE = NO;
				ENABLE_STRICT_OBJC_MSGSEND = YES;
				ENABLE_TESTABILITY = YES;
				GCC_C_LANGUAGE_STANDARD = gnu99;
				GCC_DYNAMIC_NO_PIC = NO;
				GCC_NO_COMMON_BLOCKS = YES;
				GCC_OPTIMIZATION_LEVEL = 0;
				GCC_PREPROCESSOR_DEFINITIONS = (
					"DEBUG=1",
					"$(inherited)",
				);
				GCC_WARN_64_TO_32_BIT_CONVERSION = YES;
				GCC_WARN_ABOUT_RETURN_TYPE = YES_ERROR;
				GCC_WARN_UNDECLARED_SELECTOR = YES;
				GCC_WARN_UNINITIALIZED_AUTOS = YES_AGGRESSIVE;
				GCC_WARN_UNUSED_FUNCTION = YES;
				GCC_WARN_UNUSED_VARIABLE = YES;
				IPHONEOS_DEPLOYMENT_TARGET = 10.0;
				MTL_ENABLE_DEBUG_INFO = YES;
				ONLY_ACTIVE_ARCH = YES;
				SDKROOT = iphoneos;
				SWIFT_ACTIVE_COMPILATION_CONDITIONS = DEBUG;
				SWIFT_OPTIMIZATION_LEVEL = "-Onone";
				TARGETED_DEVICE_FAMILY = "1,2";
			};
			name = Debug;
		};
		86985CDC1E834EC200577EC7 /* Release */ = {
			isa = XCBuildConfiguration;
			buildSettings = {
				ALWAYS_SEARCH_USER_PATHS = NO;
				CLANG_ALLOW_NON_MODULAR_INCLUDES_IN_FRAMEWORK_MODULES = YES;
				CLANG_ANALYZER_NONNULL = YES;
				CLANG_CXX_LANGUAGE_STANDARD = "gnu++0x";
				CLANG_CXX_LIBRARY = "libc++";
				CLANG_ENABLE_MODULES = YES;
				CLANG_ENABLE_OBJC_ARC = YES;
				CLANG_WARN_BLOCK_CAPTURE_AUTORELEASING = YES;
				CLANG_WARN_BOOL_CONVERSION = YES;
				CLANG_WARN_COMMA = YES;
				CLANG_WARN_CONSTANT_CONVERSION = YES;
				CLANG_WARN_DIRECT_OBJC_ISA_USAGE = YES_ERROR;
				CLANG_WARN_DOCUMENTATION_COMMENTS = YES;
				CLANG_WARN_EMPTY_BODY = YES;
				CLANG_WARN_ENUM_CONVERSION = YES;
				CLANG_WARN_INFINITE_RECURSION = YES;
				CLANG_WARN_INT_CONVERSION = YES;
				CLANG_WARN_NON_LITERAL_NULL_CONVERSION = YES;
				CLANG_WARN_OBJC_LITERAL_CONVERSION = YES;
				CLANG_WARN_OBJC_ROOT_CLASS = YES_ERROR;
				CLANG_WARN_RANGE_LOOP_ANALYSIS = YES;
				CLANG_WARN_STRICT_PROTOTYPES = YES;
				CLANG_WARN_SUSPICIOUS_MOVE = YES;
				CLANG_WARN_UNREACHABLE_CODE = YES;
				CLANG_WARN__DUPLICATE_METHOD_MATCH = YES;
				"CODE_SIGN_IDENTITY[sdk=iphoneos*]" = "iPhone Developer";
				COPY_PHASE_STRIP = NO;
				DEBUG_INFORMATION_FORMAT = "dwarf-with-dsym";
				ENABLE_BITCODE = NO;
				ENABLE_NS_ASSERTIONS = NO;
				ENABLE_STRICT_OBJC_MSGSEND = YES;
				GCC_C_LANGUAGE_STANDARD = gnu99;
				GCC_NO_COMMON_BLOCKS = YES;
				GCC_WARN_64_TO_32_BIT_CONVERSION = YES;
				GCC_WARN_ABOUT_RETURN_TYPE = YES_ERROR;
				GCC_WARN_UNDECLARED_SELECTOR = YES;
				GCC_WARN_UNINITIALIZED_AUTOS = YES_AGGRESSIVE;
				GCC_WARN_UNUSED_FUNCTION = YES;
				GCC_WARN_UNUSED_VARIABLE = YES;
				IPHONEOS_DEPLOYMENT_TARGET = 10.0;
				MTL_ENABLE_DEBUG_INFO = NO;
				SDKROOT = iphoneos;
				SWIFT_OPTIMIZATION_LEVEL = "-Owholemodule";
				TARGETED_DEVICE_FAMILY = "1,2";
				VALIDATE_PRODUCT = YES;
			};
			name = Release;
		};
		86985CDE1E834EC200577EC7 /* Debug */ = {
			isa = XCBuildConfiguration;
			baseConfigurationReference = F7607896866020F85381F3C2 /* Pods-FarmLens.debug.xcconfig */;
			buildSettings = {
				ASSETCATALOG_COMPILER_APPICON_NAME = AppIcon;
				CLANG_ALLOW_NON_MODULAR_INCLUDES_IN_FRAMEWORK_MODULES = YES;
				CLANG_ENABLE_MODULES = YES;
				DEVELOPMENT_TEAM = UHDP7LK8C7;
				ENABLE_BITCODE = NO;
				FRAMEWORK_SEARCH_PATHS = (
					"$(inherited)",
					"$(PROJECT_DIR)/../VideoPreviewer",
				);
				HEADER_SEARCH_PATHS = "";
				INFOPLIST_FILE = "$(SRCROOT)/FarmLens/Info.plist";
				IPHONEOS_DEPLOYMENT_TARGET = 9.0;
				LD_RUNPATH_SEARCH_PATHS = "$(inherited) @executable_path/Frameworks";
				LIBRARY_SEARCH_PATHS = "$(inherited)";
				PRODUCT_BUNDLE_IDENTIFIER = com.agribotix.farmlens;
				PRODUCT_NAME = "$(TARGET_NAME)";
				SWIFT_OBJC_BRIDGING_HEADER = "FarmLens/Services/ImageStitch/FarmLens-Bridging-Header.h";
				SWIFT_OPTIMIZATION_LEVEL = "-Onone";
				SWIFT_VERSION = 3.0;
				TARGETED_DEVICE_FAMILY = 2;
			};
			name = Debug;
		};
		86985CDF1E834EC200577EC7 /* Release */ = {
			isa = XCBuildConfiguration;
			baseConfigurationReference = 4258DD167889BCDAF324F9D9 /* Pods-FarmLens.release.xcconfig */;
			buildSettings = {
				ASSETCATALOG_COMPILER_APPICON_NAME = AppIcon;
				CLANG_ALLOW_NON_MODULAR_INCLUDES_IN_FRAMEWORK_MODULES = YES;
				CLANG_ENABLE_MODULES = YES;
				DEVELOPMENT_TEAM = UHDP7LK8C7;
				ENABLE_BITCODE = NO;
				FRAMEWORK_SEARCH_PATHS = (
					"$(inherited)",
					"$(PROJECT_DIR)/../VideoPreviewer",
				);
				HEADER_SEARCH_PATHS = "";
				INFOPLIST_FILE = "$(SRCROOT)/FarmLens/Info.plist";
				IPHONEOS_DEPLOYMENT_TARGET = 9.0;
				LD_RUNPATH_SEARCH_PATHS = "$(inherited) @executable_path/Frameworks";
				LIBRARY_SEARCH_PATHS = "$(inherited)";
				PRODUCT_BUNDLE_IDENTIFIER = com.agribotix.farmlens;
				PRODUCT_NAME = "$(TARGET_NAME)";
				SWIFT_OBJC_BRIDGING_HEADER = "FarmLens/Services/ImageStitch/FarmLens-Bridging-Header.h";
				SWIFT_VERSION = 3.0;
				TARGETED_DEVICE_FAMILY = 2;
			};
			name = Release;
		};
		FF015AA5204087170093EA05 /* Debug */ = {
			isa = XCBuildConfiguration;
			buildSettings = {
				BUNDLE_LOADER = "$(TEST_HOST)";
				CLANG_ANALYZER_NUMBER_OBJECT_CONVERSION = YES_AGGRESSIVE;
				CLANG_CXX_LANGUAGE_STANDARD = "gnu++14";
				CLANG_WARN_UNGUARDED_AVAILABILITY = YES_AGGRESSIVE;
				CODE_SIGN_IDENTITY = "iPhone Developer";
				CODE_SIGN_STYLE = Automatic;
				DEVELOPMENT_TEAM = UHDP7LK8C7;
				GCC_C_LANGUAGE_STANDARD = gnu11;
				INFOPLIST_FILE = FarmLensTests/Info.plist;
				IPHONEOS_DEPLOYMENT_TARGET = 11.2;
				LD_RUNPATH_SEARCH_PATHS = "$(inherited) @executable_path/Frameworks @loader_path/Frameworks";
				PRODUCT_BUNDLE_IDENTIFIER = com.agribotix.farmlens.FarmLensTests;
				PRODUCT_NAME = "$(TARGET_NAME)";
				SWIFT_VERSION = 4.0;
				TARGETED_DEVICE_FAMILY = "1,2";
				TEST_HOST = "$(BUILT_PRODUCTS_DIR)/FarmLens.app/FarmLens";
			};
			name = Debug;
		};
		FF015AA6204087170093EA05 /* Release */ = {
			isa = XCBuildConfiguration;
			buildSettings = {
				BUNDLE_LOADER = "$(TEST_HOST)";
				CLANG_ANALYZER_NUMBER_OBJECT_CONVERSION = YES_AGGRESSIVE;
				CLANG_CXX_LANGUAGE_STANDARD = "gnu++14";
				CLANG_WARN_UNGUARDED_AVAILABILITY = YES_AGGRESSIVE;
				CODE_SIGN_IDENTITY = "iPhone Developer";
				CODE_SIGN_STYLE = Automatic;
				DEVELOPMENT_TEAM = UHDP7LK8C7;
				GCC_C_LANGUAGE_STANDARD = gnu11;
				INFOPLIST_FILE = FarmLensTests/Info.plist;
				IPHONEOS_DEPLOYMENT_TARGET = 11.2;
				LD_RUNPATH_SEARCH_PATHS = "$(inherited) @executable_path/Frameworks @loader_path/Frameworks";
				PRODUCT_BUNDLE_IDENTIFIER = com.agribotix.farmlens.FarmLensTests;
				PRODUCT_NAME = "$(TARGET_NAME)";
				SWIFT_VERSION = 4.0;
				TARGETED_DEVICE_FAMILY = "1,2";
				TEST_HOST = "$(BUILT_PRODUCTS_DIR)/FarmLens.app/FarmLens";
			};
			name = Release;
		};
/* End XCBuildConfiguration section */

/* Begin XCConfigurationList section */
		86985CC41E834EC200577EC7 /* Build configuration list for PBXProject "FarmLens" */ = {
			isa = XCConfigurationList;
			buildConfigurations = (
				86985CDB1E834EC200577EC7 /* Debug */,
				86985CDC1E834EC200577EC7 /* Release */,
			);
			defaultConfigurationIsVisible = 0;
			defaultConfigurationName = Release;
		};
		86985CDD1E834EC200577EC7 /* Build configuration list for PBXNativeTarget "FarmLens" */ = {
			isa = XCConfigurationList;
			buildConfigurations = (
				86985CDE1E834EC200577EC7 /* Debug */,
				86985CDF1E834EC200577EC7 /* Release */,
			);
			defaultConfigurationIsVisible = 0;
			defaultConfigurationName = Release;
		};
		FF015AA7204087170093EA05 /* Build configuration list for PBXNativeTarget "FarmLensTests" */ = {
			isa = XCConfigurationList;
			buildConfigurations = (
				FF015AA5204087170093EA05 /* Debug */,
				FF015AA6204087170093EA05 /* Release */,
			);
			defaultConfigurationIsVisible = 0;
			defaultConfigurationName = Release;
		};
/* End XCConfigurationList section */
	};
	rootObject = 86985CC11E834EC200577EC7 /* Project object */;
}
