PODS:
  - DJI-SDK-iOS (4.4)
  - Mapbox-iOS-SDK (3.7.3)
  - OpenCV (3.1.0.1)

DEPENDENCIES:
  - DJI-SDK-iOS (~> 4.4)
  - Mapbox-iOS-SDK (~> 3.7)
  - OpenCV (~> 3.1.0.1)

SPEC CHECKSUMS:
  DJI-SDK-iOS: d44ef9eea43531daa082a3de2630b019f277c066
  Mapbox-iOS-SDK: 5304bd9605babe6da9050ea4cb23c1671420b737
  OpenCV: 41c4250e2b06a394d6fbb634b5fa622cdd846018

PODFILE CHECKSUM: 3a31b1e6fc8101d5b3dc66469def96d4c6f81fde

COCOAPODS: 1.4.0
