PODS:
  - DJI-SDK-iOS (4.4)
  - OpenCV (3.1.0.1)

DEPENDENCIES:
  - DJI-SDK-iOS (~> 4.4)
  - OpenCV (~> 3.1.0.1)

SPEC CHECKSUMS:
  DJI-SDK-iOS: d44ef9eea43531daa082a3de2630b019f277c066
  OpenCV: 41c4250e2b06a394d6fbb634b5fa622cdd846018

PODFILE CHECKSUM: 03ed2f88e2d0a180a8c4029e65e9717ae9ed9dd6

COCOAPODS: 1.4.0
